// !$*UTF8*$!
{
	archiveVersion = 1;
	classes = {
	};
	objectVersion = 51;
	objects = {

/* Begin PBXBuildFile section */
		387035212698B6A60049777F /* HomeViewController.swift in Sources */ = {isa = PBXBuildFile; fileRef = 387035202698B6A60049777F /* HomeViewController.swift */; };
		387035302698BA880049777F /* HoltwoodOneSC-Regular.otf in Resources */ = {isa = PBXBuildFile; fileRef = 3870352F2698BA880049777F /* HoltwoodOneSC-Regular.otf */; };
		64B8FA85E82F1095B4AFC54E /* Pods_Vinyler_VinylerTests.framework in Frameworks */ = {isa = PBXBuildFile; fileRef = A9DC0DBAC559C2DF568322BB /* Pods_Vinyler_VinylerTests.framework */; };
		7D18847926EEFFF100AE8815 /* Constants.swift in Sources */ = {isa = PBXBuildFile; fileRef = 7D18847826EEFFF100AE8815 /* Constants.swift */; };
		7D6BFAA326F4208900BAF902 /* Prod.xcconfig in Resources */ = {isa = PBXBuildFile; fileRef = 7D6BFAA226F4208900BAF902 /* Prod.xcconfig */; };
		7DE9D78923F27F9B007A9CC3 /* loading.json in Resources */ = {isa = PBXBuildFile; fileRef = 7DE9D78823F27F9B007A9CC3 /* loading.json */; };
		7DEDB63123AB1633007287B8 /* AnimationView+Style.swift in Sources */ = {isa = PBXBuildFile; fileRef = 7DEDB63023AB1633007287B8 /* AnimationView+Style.swift */; };
		7DEDB63323AB23F2007287B8 /* fluttering.json in Resources */ = {isa = PBXBuildFile; fileRef = 7DEDB63223AB23F1007287B8 /* fluttering.json */; };
		813E834522E441430057F0E6 /* AppDelegate.swift in Sources */ = {isa = PBXBuildFile; fileRef = 813E834422E441430057F0E6 /* AppDelegate.swift */; };
		813E834F22E441450057F0E6 /* LaunchScreen.storyboard in Resources */ = {isa = PBXBuildFile; fileRef = 813E834D22E441450057F0E6 /* LaunchScreen.storyboard */; };
		813E835A22E441450057F0E6 /* VinylerTests.swift in Sources */ = {isa = PBXBuildFile; fileRef = 813E835922E441450057F0E6 /* VinylerTests.swift */; };
		813E836622E441830057F0E6 /* MainViewController.swift in Sources */ = {isa = PBXBuildFile; fileRef = 813E836522E441830057F0E6 /* MainViewController.swift */; };
		813E837022E446CE0057F0E6 /* UIButton+Style.swift in Sources */ = {isa = PBXBuildFile; fileRef = 813E836F22E446CE0057F0E6 /* UIButton+Style.swift */; };
		813E837222E449310057F0E6 /* UIColor+Style.swift in Sources */ = {isa = PBXBuildFile; fileRef = 813E837122E449310057F0E6 /* UIColor+Style.swift */; };
		813E837522E450D30057F0E6 /* DiscogsAPI.swift in Sources */ = {isa = PBXBuildFile; fileRef = 813E837422E450D30057F0E6 /* DiscogsAPI.swift */; };
		813E837722E45CEC0057F0E6 /* Results.swift in Sources */ = {isa = PBXBuildFile; fileRef = 813E837622E45CEC0057F0E6 /* Results.swift */; };
		813E837922E467090057F0E6 /* UIFont+Style.swift in Sources */ = {isa = PBXBuildFile; fileRef = 813E837822E467090057F0E6 /* UIFont+Style.swift */; };
		813E837B22E4676F0057F0E6 /* UILabel+Style.swift in Sources */ = {isa = PBXBuildFile; fileRef = 813E837A22E4676F0057F0E6 /* UILabel+Style.swift */; };
		813E837D22E468420057F0E6 /* Release.swift in Sources */ = {isa = PBXBuildFile; fileRef = 813E837C22E468410057F0E6 /* Release.swift */; };
		813E837F22E46BAA0057F0E6 /* TrackList.swift in Sources */ = {isa = PBXBuildFile; fileRef = 813E837E22E46BAA0057F0E6 /* TrackList.swift */; };
		813E838122E46C550057F0E6 /* Videos.swift in Sources */ = {isa = PBXBuildFile; fileRef = 813E838022E46C550057F0E6 /* Videos.swift */; };
		813E838322E46D2D0057F0E6 /* Image.swift in Sources */ = {isa = PBXBuildFile; fileRef = 813E838222E46D2D0057F0E6 /* Image.swift */; };
		813E838522E46E260057F0E6 /* Format.swift in Sources */ = {isa = PBXBuildFile; fileRef = 813E838422E46E260057F0E6 /* Format.swift */; };
		814B06A323040D3A0062906D /* String+Assets.swift in Sources */ = {isa = PBXBuildFile; fileRef = 814B06A223040D3A0062906D /* String+Assets.swift */; };
		814B06A823055C220062906D /* UIView+Exntension.swift in Sources */ = {isa = PBXBuildFile; fileRef = 814B06A723055C220062906D /* UIView+Exntension.swift */; };
		814B06AB230584680062906D /* NavigationControllerDelegate.swift in Sources */ = {isa = PBXBuildFile; fileRef = 814B06AA230584680062906D /* NavigationControllerDelegate.swift */; };
		814B06AD2305849A0062906D /* NavigationController.swift in Sources */ = {isa = PBXBuildFile; fileRef = 814B06AC230584990062906D /* NavigationController.swift */; };
		814B06B0230584D50062906D /* ScanViewController.swift in Sources */ = {isa = PBXBuildFile; fileRef = 814B06AF230584D50062906D /* ScanViewController.swift */; };
		817B25D623059434003DF85D /* UIImage+Assets.swift in Sources */ = {isa = PBXBuildFile; fileRef = 817B25D523059434003DF85D /* UIImage+Assets.swift */; };
		817B25D8230966E8003DF85D /* RxAVCaptureMetadataOutputObjectsDelegate.swift in Sources */ = {isa = PBXBuildFile; fileRef = 817B25D7230966E8003DF85D /* RxAVCaptureMetadataOutputObjectsDelegate.swift */; };
		817B25DA230970CB003DF85D /* PreviewView.swift in Sources */ = {isa = PBXBuildFile; fileRef = 817B25D9230970CB003DF85D /* PreviewView.swift */; };
		817B25DC23097108003DF85D /* CameraTargetView.swift in Sources */ = {isa = PBXBuildFile; fileRef = 817B25DB23097108003DF85D /* CameraTargetView.swift */; };
		817B25DF230978EE003DF85D /* PresentLoadingAnimationController.swift in Sources */ = {isa = PBXBuildFile; fileRef = 817B25DE230978EE003DF85D /* PresentLoadingAnimationController.swift */; };
		817B25E12309791D003DF85D /* LoadingViewController.swift in Sources */ = {isa = PBXBuildFile; fileRef = 817B25E02309791D003DF85D /* LoadingViewController.swift */; };
		817B25E423097BB4003DF85D /* ActivityIndicatorView.swift in Sources */ = {isa = PBXBuildFile; fileRef = 817B25E323097BB4003DF85D /* ActivityIndicatorView.swift */; };
		817B262C2315166B003DF85D /* AlbumViewController.swift in Sources */ = {isa = PBXBuildFile; fileRef = 817B262B2315166B003DF85D /* AlbumViewController.swift */; };
		817B262E23151881003DF85D /* UIViewController+Rx.swift in Sources */ = {isa = PBXBuildFile; fileRef = 817B262D23151881003DF85D /* UIViewController+Rx.swift */; };
		817B263023152389003DF85D /* ObservableType+Void.swift in Sources */ = {isa = PBXBuildFile; fileRef = 817B262F23152389003DF85D /* ObservableType+Void.swift */; };
		817B26322315379C003DF85D /* Assets.xcassets in Resources */ = {isa = PBXBuildFile; fileRef = 817B26312315379B003DF85D /* Assets.xcassets */; };
		817B263423153FC7003DF85D /* UITapGestureRecognizer+UILabel.swift in Sources */ = {isa = PBXBuildFile; fileRef = 817B263323153FC7003DF85D /* UITapGestureRecognizer+UILabel.swift */; };
		81F46D7C231A7263002CAC44 /* FormatsCollectionView.swift in Sources */ = {isa = PBXBuildFile; fileRef = 81F46D7B231A7263002CAC44 /* FormatsCollectionView.swift */; };
		9FB85F0DDD9C4DECAA7F6717 /* Pods_Vinyler.framework in Frameworks */ = {isa = PBXBuildFile; fileRef = 9C3D77A4A8D68D9F3DFCBAFB /* Pods_Vinyler.framework */; };
		FA050CF8239BFAA70067D32C /* SearchCell.swift in Sources */ = {isa = PBXBuildFile; fileRef = FA050CF7239BFAA70067D32C /* SearchCell.swift */; };
		FA09D5392396B966006F37BD /* FormatCell.swift in Sources */ = {isa = PBXBuildFile; fileRef = FA09D5382396B966006F37BD /* FormatCell.swift */; };
		FA09D53B2396BFE8006F37BD /* DisclosureButton.swift in Sources */ = {isa = PBXBuildFile; fileRef = FA09D53A2396BFE8006F37BD /* DisclosureButton.swift */; };
		FA09D53E239BF1D3006F37BD /* SearchViewController.swift in Sources */ = {isa = PBXBuildFile; fileRef = FA09D53D239BF1D3006F37BD /* SearchViewController.swift */; };
		FA09D540239BF26E006F37BD /* UITextfield+Style.swift in Sources */ = {isa = PBXBuildFile; fileRef = FA09D53F239BF26E006F37BD /* UITextfield+Style.swift */; };
		FA177E9724028ABB00AF1BF6 /* DefaultStyle.swift in Sources */ = {isa = PBXBuildFile; fileRef = FA177E9624028ABB00AF1BF6 /* DefaultStyle.swift */; };
		FA5BC2E423DC15C2000CFD9D /* AppInfoViewController.swift in Sources */ = {isa = PBXBuildFile; fileRef = FA5BC2E323DC15C2000CFD9D /* AppInfoViewController.swift */; };
		FA5BC2E623DC16FC000CFD9D /* CustomTextView.swift in Sources */ = {isa = PBXBuildFile; fileRef = FA5BC2E523DC16FC000CFD9D /* CustomTextView.swift */; };
		FA5BC2E823DC1772000CFD9D /* UITextView+Extension.swift in Sources */ = {isa = PBXBuildFile; fileRef = FA5BC2E723DC1772000CFD9D /* UITextView+Extension.swift */; };
		FA6C3B16232D841D000E1C87 /* TracklistViewController.swift in Sources */ = {isa = PBXBuildFile; fileRef = FA6C3B15232D841D000E1C87 /* TracklistViewController.swift */; };
		FA6C3B19232D8B55000E1C87 /* TrackCell.swift in Sources */ = {isa = PBXBuildFile; fileRef = FA6C3B18232D8B55000E1C87 /* TrackCell.swift */; };
		FAA41DE923251549008BA317 /* .swiftlint.yml in Resources */ = {isa = PBXBuildFile; fileRef = FAA41DE823251549008BA317 /* .swiftlint.yml */; };
		FAD03CC4232CF9C30067E2D9 /* ActionSheetOption.swift in Sources */ = {isa = PBXBuildFile; fileRef = FAD03CC3232CF9C30067E2D9 /* ActionSheetOption.swift */; };
		FAD03CC6232CFA880067E2D9 /* CustomActionSheetViewController.swift in Sources */ = {isa = PBXBuildFile; fileRef = FAD03CC5232CFA880067E2D9 /* CustomActionSheetViewController.swift */; };
		FAD03CC9232CFAE60067E2D9 /* DynamicTableView.swift in Sources */ = {isa = PBXBuildFile; fileRef = FAD03CC8232CFAE60067E2D9 /* DynamicTableView.swift */; };
		FAD03CCB232CFBA50067E2D9 /* CustomActionSheetHeader.swift in Sources */ = {isa = PBXBuildFile; fileRef = FAD03CCA232CFBA50067E2D9 /* CustomActionSheetHeader.swift */; };
		FAD03CCD232CFE310067E2D9 /* CustomActionSheetCell.swift in Sources */ = {isa = PBXBuildFile; fileRef = FAD03CCC232CFE310067E2D9 /* CustomActionSheetCell.swift */; };
		FAD03CD0232D048D0067E2D9 /* Observable+Nil.swift in Sources */ = {isa = PBXBuildFile; fileRef = FAD03CCF232D048D0067E2D9 /* Observable+Nil.swift */; };
		FAD03CD2232D08EC0067E2D9 /* ArtistViewController.swift in Sources */ = {isa = PBXBuildFile; fileRef = FAD03CD1232D08EC0067E2D9 /* ArtistViewController.swift */; };
		FAD03CD4232D0D5B0067E2D9 /* Artist.swift in Sources */ = {isa = PBXBuildFile; fileRef = FAD03CD3232D0D5B0067E2D9 /* Artist.swift */; };
		FAD03CD6232D0E460067E2D9 /* ArtistDetail.swift in Sources */ = {isa = PBXBuildFile; fileRef = FAD03CD5232D0E460067E2D9 /* ArtistDetail.swift */; };
		FAD03CD8232D61CC0067E2D9 /* Extension+UIImageView.swift in Sources */ = {isa = PBXBuildFile; fileRef = FAD03CD7232D61CC0067E2D9 /* Extension+UIImageView.swift */; };
/* End PBXBuildFile section */

/* Begin PBXContainerItemProxy section */
		813E835622E441450057F0E6 /* PBXContainerItemProxy */ = {
			isa = PBXContainerItemProxy;
			containerPortal = 813E833922E441430057F0E6 /* Project object */;
			proxyType = 1;
			remoteGlobalIDString = 813E834022E441430057F0E6;
			remoteInfo = Vinyler;
		};
/* End PBXContainerItemProxy section */

/* Begin PBXFileReference section */
		387035202698B6A60049777F /* HomeViewController.swift */ = {isa = PBXFileReference; lastKnownFileType = sourcecode.swift; path = HomeViewController.swift; sourceTree = "<group>"; };
		3870352F2698BA880049777F /* HoltwoodOneSC-Regular.otf */ = {isa = PBXFileReference; lastKnownFileType = file; path = "HoltwoodOneSC-Regular.otf"; sourceTree = "<group>"; };
		6B8975BEA48B065D6048A9AA /* Pods-Vinyler.debug.xcconfig */ = {isa = PBXFileReference; includeInIndex = 1; lastKnownFileType = text.xcconfig; name = "Pods-Vinyler.debug.xcconfig"; path = "Target Support Files/Pods-Vinyler/Pods-Vinyler.debug.xcconfig"; sourceTree = "<group>"; };
		6FA2B50F7D2E7019CA505CC3 /* Pods-Vinyler.release.xcconfig */ = {isa = PBXFileReference; includeInIndex = 1; lastKnownFileType = text.xcconfig; name = "Pods-Vinyler.release.xcconfig"; path = "Target Support Files/Pods-Vinyler/Pods-Vinyler.release.xcconfig"; sourceTree = "<group>"; };
		7D18847826EEFFF100AE8815 /* Constants.swift */ = {isa = PBXFileReference; lastKnownFileType = sourcecode.swift; path = Constants.swift; sourceTree = "<group>"; };
		7D6BFAA226F4208900BAF902 /* Prod.xcconfig */ = {isa = PBXFileReference; lastKnownFileType = text.xcconfig; path = Prod.xcconfig; sourceTree = "<group>"; };
		7DB537E923C8161F00BAA6C5 /* IntroductionViewcontroller.swift */ = {isa = PBXFileReference; lastKnownFileType = sourcecode.swift; path = IntroductionViewcontroller.swift; sourceTree = "<group>"; };
		7DE9D78823F27F9B007A9CC3 /* loading.json */ = {isa = PBXFileReference; fileEncoding = 4; lastKnownFileType = text.json; path = loading.json; sourceTree = "<group>"; };
		7DEDB63023AB1633007287B8 /* AnimationView+Style.swift */ = {isa = PBXFileReference; lastKnownFileType = sourcecode.swift; path = "AnimationView+Style.swift"; sourceTree = "<group>"; };
		7DEDB63223AB23F1007287B8 /* fluttering.json */ = {isa = PBXFileReference; fileEncoding = 4; lastKnownFileType = text.json; path = fluttering.json; sourceTree = "<group>"; };
		813E834122E441430057F0E6 /* Vinyler.app */ = {isa = PBXFileReference; explicitFileType = wrapper.application; includeInIndex = 0; path = Vinyler.app; sourceTree = BUILT_PRODUCTS_DIR; };
		813E834422E441430057F0E6 /* AppDelegate.swift */ = {isa = PBXFileReference; lastKnownFileType = sourcecode.swift; path = AppDelegate.swift; sourceTree = "<group>"; };
		813E834E22E441450057F0E6 /* Base */ = {isa = PBXFileReference; lastKnownFileType = file.storyboard; name = Base; path = Base.lproj/LaunchScreen.storyboard; sourceTree = "<group>"; };
		813E835022E441450057F0E6 /* Info.plist */ = {isa = PBXFileReference; lastKnownFileType = text.plist.xml; path = Info.plist; sourceTree = "<group>"; };
		813E835522E441450057F0E6 /* VinylerTests.xctest */ = {isa = PBXFileReference; explicitFileType = wrapper.cfbundle; includeInIndex = 0; path = VinylerTests.xctest; sourceTree = BUILT_PRODUCTS_DIR; };
		813E835922E441450057F0E6 /* VinylerTests.swift */ = {isa = PBXFileReference; lastKnownFileType = sourcecode.swift; path = VinylerTests.swift; sourceTree = "<group>"; };
		813E835B22E441450057F0E6 /* Info.plist */ = {isa = PBXFileReference; lastKnownFileType = text.plist.xml; path = Info.plist; sourceTree = "<group>"; };
		813E836522E441830057F0E6 /* MainViewController.swift */ = {isa = PBXFileReference; lastKnownFileType = sourcecode.swift; path = MainViewController.swift; sourceTree = "<group>"; };
		813E836F22E446CE0057F0E6 /* UIButton+Style.swift */ = {isa = PBXFileReference; lastKnownFileType = sourcecode.swift; path = "UIButton+Style.swift"; sourceTree = "<group>"; };
		813E837122E449310057F0E6 /* UIColor+Style.swift */ = {isa = PBXFileReference; lastKnownFileType = sourcecode.swift; path = "UIColor+Style.swift"; sourceTree = "<group>"; };
		813E837422E450D30057F0E6 /* DiscogsAPI.swift */ = {isa = PBXFileReference; lastKnownFileType = sourcecode.swift; path = DiscogsAPI.swift; sourceTree = "<group>"; };
		813E837622E45CEC0057F0E6 /* Results.swift */ = {isa = PBXFileReference; lastKnownFileType = sourcecode.swift; path = Results.swift; sourceTree = "<group>"; };
		813E837822E467090057F0E6 /* UIFont+Style.swift */ = {isa = PBXFileReference; lastKnownFileType = sourcecode.swift; path = "UIFont+Style.swift"; sourceTree = "<group>"; };
		813E837A22E4676F0057F0E6 /* UILabel+Style.swift */ = {isa = PBXFileReference; lastKnownFileType = sourcecode.swift; path = "UILabel+Style.swift"; sourceTree = "<group>"; };
		813E837C22E468410057F0E6 /* Release.swift */ = {isa = PBXFileReference; lastKnownFileType = sourcecode.swift; path = Release.swift; sourceTree = "<group>"; };
		813E837E22E46BAA0057F0E6 /* TrackList.swift */ = {isa = PBXFileReference; lastKnownFileType = sourcecode.swift; path = TrackList.swift; sourceTree = "<group>"; };
		813E838022E46C550057F0E6 /* Videos.swift */ = {isa = PBXFileReference; lastKnownFileType = sourcecode.swift; path = Videos.swift; sourceTree = "<group>"; };
		813E838222E46D2D0057F0E6 /* Image.swift */ = {isa = PBXFileReference; lastKnownFileType = sourcecode.swift; path = Image.swift; sourceTree = "<group>"; };
		813E838422E46E260057F0E6 /* Format.swift */ = {isa = PBXFileReference; lastKnownFileType = sourcecode.swift; path = Format.swift; sourceTree = "<group>"; };
		814B06A223040D3A0062906D /* String+Assets.swift */ = {isa = PBXFileReference; lastKnownFileType = sourcecode.swift; path = "String+Assets.swift"; sourceTree = "<group>"; };
		814B06A723055C220062906D /* UIView+Exntension.swift */ = {isa = PBXFileReference; lastKnownFileType = sourcecode.swift; path = "UIView+Exntension.swift"; sourceTree = "<group>"; };
		814B06AA230584680062906D /* NavigationControllerDelegate.swift */ = {isa = PBXFileReference; lastKnownFileType = sourcecode.swift; path = NavigationControllerDelegate.swift; sourceTree = "<group>"; };
		814B06AC230584990062906D /* NavigationController.swift */ = {isa = PBXFileReference; lastKnownFileType = sourcecode.swift; path = NavigationController.swift; sourceTree = "<group>"; };
		814B06AF230584D50062906D /* ScanViewController.swift */ = {isa = PBXFileReference; lastKnownFileType = sourcecode.swift; path = ScanViewController.swift; sourceTree = "<group>"; };
		817B25D523059434003DF85D /* UIImage+Assets.swift */ = {isa = PBXFileReference; lastKnownFileType = sourcecode.swift; path = "UIImage+Assets.swift"; sourceTree = "<group>"; };
		817B25D7230966E8003DF85D /* RxAVCaptureMetadataOutputObjectsDelegate.swift */ = {isa = PBXFileReference; lastKnownFileType = sourcecode.swift; path = RxAVCaptureMetadataOutputObjectsDelegate.swift; sourceTree = "<group>"; };
		817B25D9230970CB003DF85D /* PreviewView.swift */ = {isa = PBXFileReference; lastKnownFileType = sourcecode.swift; path = PreviewView.swift; sourceTree = "<group>"; };
		817B25DB23097108003DF85D /* CameraTargetView.swift */ = {isa = PBXFileReference; lastKnownFileType = sourcecode.swift; path = CameraTargetView.swift; sourceTree = "<group>"; };
		817B25DE230978EE003DF85D /* PresentLoadingAnimationController.swift */ = {isa = PBXFileReference; lastKnownFileType = sourcecode.swift; path = PresentLoadingAnimationController.swift; sourceTree = "<group>"; };
		817B25E02309791D003DF85D /* LoadingViewController.swift */ = {isa = PBXFileReference; lastKnownFileType = sourcecode.swift; path = LoadingViewController.swift; sourceTree = "<group>"; };
		817B25E323097BB4003DF85D /* ActivityIndicatorView.swift */ = {isa = PBXFileReference; lastKnownFileType = sourcecode.swift; path = ActivityIndicatorView.swift; sourceTree = "<group>"; };
		817B262B2315166B003DF85D /* AlbumViewController.swift */ = {isa = PBXFileReference; lastKnownFileType = sourcecode.swift; path = AlbumViewController.swift; sourceTree = "<group>"; };
		817B262D23151881003DF85D /* UIViewController+Rx.swift */ = {isa = PBXFileReference; lastKnownFileType = sourcecode.swift; path = "UIViewController+Rx.swift"; sourceTree = "<group>"; };
		817B262F23152389003DF85D /* ObservableType+Void.swift */ = {isa = PBXFileReference; lastKnownFileType = sourcecode.swift; path = "ObservableType+Void.swift"; sourceTree = "<group>"; };
		817B26312315379B003DF85D /* Assets.xcassets */ = {isa = PBXFileReference; lastKnownFileType = folder.assetcatalog; path = Assets.xcassets; sourceTree = "<group>"; };
		817B263323153FC7003DF85D /* UITapGestureRecognizer+UILabel.swift */ = {isa = PBXFileReference; lastKnownFileType = sourcecode.swift; path = "UITapGestureRecognizer+UILabel.swift"; sourceTree = "<group>"; };
		81F46D7B231A7263002CAC44 /* FormatsCollectionView.swift */ = {isa = PBXFileReference; lastKnownFileType = sourcecode.swift; path = FormatsCollectionView.swift; sourceTree = "<group>"; };
		97C3508E5ACE6D32970A723B /* Pods-Vinyler-VinylerTests.debug.xcconfig */ = {isa = PBXFileReference; includeInIndex = 1; lastKnownFileType = text.xcconfig; name = "Pods-Vinyler-VinylerTests.debug.xcconfig"; path = "Target Support Files/Pods-Vinyler-VinylerTests/Pods-Vinyler-VinylerTests.debug.xcconfig"; sourceTree = "<group>"; };
		9C3D77A4A8D68D9F3DFCBAFB /* Pods_Vinyler.framework */ = {isa = PBXFileReference; explicitFileType = wrapper.framework; includeInIndex = 0; path = Pods_Vinyler.framework; sourceTree = BUILT_PRODUCTS_DIR; };
		A9DC0DBAC559C2DF568322BB /* Pods_Vinyler_VinylerTests.framework */ = {isa = PBXFileReference; explicitFileType = wrapper.framework; includeInIndex = 0; path = Pods_Vinyler_VinylerTests.framework; sourceTree = BUILT_PRODUCTS_DIR; };
		BC8DDB39439408C8EF67D6CE /* Pods-Vinyler-VinylerTests.release.xcconfig */ = {isa = PBXFileReference; includeInIndex = 1; lastKnownFileType = text.xcconfig; name = "Pods-Vinyler-VinylerTests.release.xcconfig"; path = "Target Support Files/Pods-Vinyler-VinylerTests/Pods-Vinyler-VinylerTests.release.xcconfig"; sourceTree = "<group>"; };
		FA050CF7239BFAA70067D32C /* SearchCell.swift */ = {isa = PBXFileReference; lastKnownFileType = sourcecode.swift; path = SearchCell.swift; sourceTree = "<group>"; };
		FA09D5382396B966006F37BD /* FormatCell.swift */ = {isa = PBXFileReference; lastKnownFileType = sourcecode.swift; path = FormatCell.swift; sourceTree = "<group>"; };
		FA09D53A2396BFE8006F37BD /* DisclosureButton.swift */ = {isa = PBXFileReference; lastKnownFileType = sourcecode.swift; path = DisclosureButton.swift; sourceTree = "<group>"; };
		FA09D53D239BF1D3006F37BD /* SearchViewController.swift */ = {isa = PBXFileReference; lastKnownFileType = sourcecode.swift; path = SearchViewController.swift; sourceTree = "<group>"; };
		FA09D53F239BF26E006F37BD /* UITextfield+Style.swift */ = {isa = PBXFileReference; lastKnownFileType = sourcecode.swift; path = "UITextfield+Style.swift"; sourceTree = "<group>"; };
		FA177E9624028ABB00AF1BF6 /* DefaultStyle.swift */ = {isa = PBXFileReference; lastKnownFileType = sourcecode.swift; path = DefaultStyle.swift; sourceTree = "<group>"; };
		FA5BC2E323DC15C2000CFD9D /* AppInfoViewController.swift */ = {isa = PBXFileReference; lastKnownFileType = sourcecode.swift; path = AppInfoViewController.swift; sourceTree = "<group>"; };
		FA5BC2E523DC16FC000CFD9D /* CustomTextView.swift */ = {isa = PBXFileReference; lastKnownFileType = sourcecode.swift; path = CustomTextView.swift; sourceTree = "<group>"; };
		FA5BC2E723DC1772000CFD9D /* UITextView+Extension.swift */ = {isa = PBXFileReference; lastKnownFileType = sourcecode.swift; path = "UITextView+Extension.swift"; sourceTree = "<group>"; };
		FA6C3B15232D841D000E1C87 /* TracklistViewController.swift */ = {isa = PBXFileReference; lastKnownFileType = sourcecode.swift; path = TracklistViewController.swift; sourceTree = "<group>"; };
		FA6C3B18232D8B55000E1C87 /* TrackCell.swift */ = {isa = PBXFileReference; lastKnownFileType = sourcecode.swift; path = TrackCell.swift; sourceTree = "<group>"; };
		FAA41DE823251549008BA317 /* .swiftlint.yml */ = {isa = PBXFileReference; lastKnownFileType = text; path = .swiftlint.yml; sourceTree = "<group>"; };
		FAD03CC3232CF9C30067E2D9 /* ActionSheetOption.swift */ = {isa = PBXFileReference; lastKnownFileType = sourcecode.swift; path = ActionSheetOption.swift; sourceTree = "<group>"; };
		FAD03CC5232CFA880067E2D9 /* CustomActionSheetViewController.swift */ = {isa = PBXFileReference; lastKnownFileType = sourcecode.swift; path = CustomActionSheetViewController.swift; sourceTree = "<group>"; };
		FAD03CC8232CFAE60067E2D9 /* DynamicTableView.swift */ = {isa = PBXFileReference; lastKnownFileType = sourcecode.swift; path = DynamicTableView.swift; sourceTree = "<group>"; };
		FAD03CCA232CFBA50067E2D9 /* CustomActionSheetHeader.swift */ = {isa = PBXFileReference; lastKnownFileType = sourcecode.swift; path = CustomActionSheetHeader.swift; sourceTree = "<group>"; };
		FAD03CCC232CFE310067E2D9 /* CustomActionSheetCell.swift */ = {isa = PBXFileReference; lastKnownFileType = sourcecode.swift; path = CustomActionSheetCell.swift; sourceTree = "<group>"; };
		FAD03CCF232D048D0067E2D9 /* Observable+Nil.swift */ = {isa = PBXFileReference; lastKnownFileType = sourcecode.swift; path = "Observable+Nil.swift"; sourceTree = "<group>"; };
		FAD03CD1232D08EC0067E2D9 /* ArtistViewController.swift */ = {isa = PBXFileReference; lastKnownFileType = sourcecode.swift; path = ArtistViewController.swift; sourceTree = "<group>"; };
		FAD03CD3232D0D5B0067E2D9 /* Artist.swift */ = {isa = PBXFileReference; lastKnownFileType = sourcecode.swift; path = Artist.swift; sourceTree = "<group>"; };
		FAD03CD5232D0E460067E2D9 /* ArtistDetail.swift */ = {isa = PBXFileReference; lastKnownFileType = sourcecode.swift; path = ArtistDetail.swift; sourceTree = "<group>"; };
		FAD03CD7232D61CC0067E2D9 /* Extension+UIImageView.swift */ = {isa = PBXFileReference; lastKnownFileType = sourcecode.swift; path = "Extension+UIImageView.swift"; sourceTree = "<group>"; };
/* End PBXFileReference section */

/* Begin PBXFrameworksBuildPhase section */
		813E833E22E441430057F0E6 /* Frameworks */ = {
			isa = PBXFrameworksBuildPhase;
			buildActionMask = 2147483647;
			files = (
				9FB85F0DDD9C4DECAA7F6717 /* Pods_Vinyler.framework in Frameworks */,
			);
			runOnlyForDeploymentPostprocessing = 0;
		};
		813E835222E441450057F0E6 /* Frameworks */ = {
			isa = PBXFrameworksBuildPhase;
			buildActionMask = 2147483647;
			files = (
				64B8FA85E82F1095B4AFC54E /* Pods_Vinyler_VinylerTests.framework in Frameworks */,
			);
			runOnlyForDeploymentPostprocessing = 0;
		};
/* End PBXFrameworksBuildPhase section */

/* Begin PBXGroup section */
		1BC6735BB995B19E46DC7165 /* Frameworks */ = {
			isa = PBXGroup;
			children = (
				9C3D77A4A8D68D9F3DFCBAFB /* Pods_Vinyler.framework */,
				A9DC0DBAC559C2DF568322BB /* Pods_Vinyler_VinylerTests.framework */,
			);
			name = Frameworks;
			sourceTree = "<group>";
		};
		7D18847726EEFFEB00AE8815 /* Common */ = {
			isa = PBXGroup;
			children = (
				7D18847826EEFFF100AE8815 /* Constants.swift */,
			);
			path = Common;
			sourceTree = "<group>";
		};
		7D4872BF23E1190F000D6D49 /* Recovered References */ = {
			isa = PBXGroup;
			children = (
				7DB537E923C8161F00BAA6C5 /* IntroductionViewcontroller.swift */,
			);
			name = "Recovered References";
			sourceTree = "<group>";
		};
		813E833822E441430057F0E6 = {
			isa = PBXGroup;
			children = (
				7D6BFAA226F4208900BAF902 /* Prod.xcconfig */,
				FAA41DE823251549008BA317 /* .swiftlint.yml */,
				813E834322E441430057F0E6 /* Vinyler */,
				813E835822E441450057F0E6 /* VinylerTests */,
				813E834222E441430057F0E6 /* Products */,
				CD87E881C4C1DBBAFD0975B8 /* Pods */,
				7D4872BF23E1190F000D6D49 /* Recovered References */,
				1BC6735BB995B19E46DC7165 /* Frameworks */,
			);
			sourceTree = "<group>";
		};
		813E834222E441430057F0E6 /* Products */ = {
			isa = PBXGroup;
			children = (
				813E834122E441430057F0E6 /* Vinyler.app */,
				813E835522E441450057F0E6 /* VinylerTests.xctest */,
			);
			name = Products;
			sourceTree = "<group>";
		};
		813E834322E441430057F0E6 /* Vinyler */ = {
			isa = PBXGroup;
			children = (
				814B06A123040CFC0062906D /* Assets */,
				813E836A22E443C10057F0E6 /* Sources */,
				813E835022E441450057F0E6 /* Info.plist */,
			);
			path = Vinyler;
			sourceTree = "<group>";
		};
		813E835822E441450057F0E6 /* VinylerTests */ = {
			isa = PBXGroup;
			children = (
				813E835922E441450057F0E6 /* VinylerTests.swift */,
				813E835B22E441450057F0E6 /* Info.plist */,
			);
			path = VinylerTests;
			sourceTree = "<group>";
		};
		813E836922E443870057F0E6 /* Entity */ = {
			isa = PBXGroup;
			children = (
				813E837622E45CEC0057F0E6 /* Results.swift */,
				813E837C22E468410057F0E6 /* Release.swift */,
				813E837E22E46BAA0057F0E6 /* TrackList.swift */,
				813E838022E46C550057F0E6 /* Videos.swift */,
				813E838222E46D2D0057F0E6 /* Image.swift */,
				813E838422E46E260057F0E6 /* Format.swift */,
				FAD03CD3232D0D5B0067E2D9 /* Artist.swift */,
				FAD03CD5232D0E460067E2D9 /* ArtistDetail.swift */,
			);
			path = Entity;
			sourceTree = "<group>";
		};
		813E836A22E443C10057F0E6 /* Sources */ = {
			isa = PBXGroup;
			children = (
				7D18847726EEFFEB00AE8815 /* Common */,
				FA6C3B17232D8B4E000E1C87 /* Cells */,
				817B25DD230978E5003DF85D /* Animations */,
				814B06A42304197F0062906D /* Extensions */,
				817B25E223097BA6003DF85D /* Views */,
				FAD03CC2232CF9B00067E2D9 /* ActionSheet */,
				FAD03CCE232D04870067E2D9 /* Helpers */,
				81F46D7A231A724F002CAC44 /* Details */,
				813E834422E441430057F0E6 /* AppDelegate.swift */,
				813E837322E450A20057F0E6 /* Services */,
				813E836E22E446C00057F0E6 /* Style */,
				813E836922E443870057F0E6 /* Entity */,
				813E836B22E444560057F0E6 /* Display */,
				813E836D22E445F30057F0E6 /* Utils */,
			);
			path = Sources;
			sourceTree = "<group>";
		};
		813E836B22E444560057F0E6 /* Display */ = {
			isa = PBXGroup;
			children = (
				FA09D53C239BF1C6006F37BD /* Search */,
				817B262A23151653003DF85D /* Result */,
				814B06AE230584C80062906D /* Scan */,
				814B06A9230584620062906D /* Navigation */,
				813E836C22E444750057F0E6 /* Main */,
				817B25E02309791D003DF85D /* LoadingViewController.swift */,
			);
			path = Display;
			sourceTree = "<group>";
		};
		813E836C22E444750057F0E6 /* Main */ = {
			isa = PBXGroup;
			children = (
				813E836522E441830057F0E6 /* MainViewController.swift */,
				FA5BC2E323DC15C2000CFD9D /* AppInfoViewController.swift */,
				387035202698B6A60049777F /* HomeViewController.swift */,
			);
			path = Main;
			sourceTree = "<group>";
		};
		813E836D22E445F30057F0E6 /* Utils */ = {
			isa = PBXGroup;
			children = (
				817B25D7230966E8003DF85D /* RxAVCaptureMetadataOutputObjectsDelegate.swift */,
			);
			path = Utils;
			sourceTree = "<group>";
		};
		813E836E22E446C00057F0E6 /* Style */ = {
			isa = PBXGroup;
			children = (
				813E836F22E446CE0057F0E6 /* UIButton+Style.swift */,
				813E837122E449310057F0E6 /* UIColor+Style.swift */,
				813E837822E467090057F0E6 /* UIFont+Style.swift */,
				813E837A22E4676F0057F0E6 /* UILabel+Style.swift */,
				FA09D53F239BF26E006F37BD /* UITextfield+Style.swift */,
				7DEDB63023AB1633007287B8 /* AnimationView+Style.swift */,
				FA177E9624028ABB00AF1BF6 /* DefaultStyle.swift */,
			);
			path = Style;
			sourceTree = "<group>";
		};
		813E837322E450A20057F0E6 /* Services */ = {
			isa = PBXGroup;
			children = (
				813E837422E450D30057F0E6 /* DiscogsAPI.swift */,
			);
			path = Services;
			sourceTree = "<group>";
		};
		814B06A123040CFC0062906D /* Assets */ = {
			isa = PBXGroup;
			children = (
				817B26312315379B003DF85D /* Assets.xcassets */,
				3870352F2698BA880049777F /* HoltwoodOneSC-Regular.otf */,
				814B06A223040D3A0062906D /* String+Assets.swift */,
				817B25D523059434003DF85D /* UIImage+Assets.swift */,
				7DEDB63223AB23F1007287B8 /* fluttering.json */,
				7DE9D78823F27F9B007A9CC3 /* loading.json */,
				813E834D22E441450057F0E6 /* LaunchScreen.storyboard */,
			);
			path = Assets;
			sourceTree = "<group>";
		};
		814B06A42304197F0062906D /* Extensions */ = {
			isa = PBXGroup;
			children = (
				814B06A723055C220062906D /* UIView+Exntension.swift */,
				817B262D23151881003DF85D /* UIViewController+Rx.swift */,
				817B262F23152389003DF85D /* ObservableType+Void.swift */,
				817B263323153FC7003DF85D /* UITapGestureRecognizer+UILabel.swift */,
				FAD03CD7232D61CC0067E2D9 /* Extension+UIImageView.swift */,
				FA5BC2E723DC1772000CFD9D /* UITextView+Extension.swift */,
			);
			name = Extensions;
			path = ../Extensions;
			sourceTree = "<group>";
		};
		814B06A9230584620062906D /* Navigation */ = {
			isa = PBXGroup;
			children = (
				814B06AA230584680062906D /* NavigationControllerDelegate.swift */,
				814B06AC230584990062906D /* NavigationController.swift */,
			);
			path = Navigation;
			sourceTree = "<group>";
		};
		814B06AE230584C80062906D /* Scan */ = {
			isa = PBXGroup;
			children = (
				814B06AF230584D50062906D /* ScanViewController.swift */,
				817B25D9230970CB003DF85D /* PreviewView.swift */,
				817B25DB23097108003DF85D /* CameraTargetView.swift */,
			);
			path = Scan;
			sourceTree = "<group>";
		};
		817B25DD230978E5003DF85D /* Animations */ = {
			isa = PBXGroup;
			children = (
				817B25DE230978EE003DF85D /* PresentLoadingAnimationController.swift */,
			);
			name = Animations;
			path = ../Animations;
			sourceTree = "<group>";
		};
		817B25E223097BA6003DF85D /* Views */ = {
			isa = PBXGroup;
			children = (
				817B25E323097BB4003DF85D /* ActivityIndicatorView.swift */,
				FAD03CC8232CFAE60067E2D9 /* DynamicTableView.swift */,
				FA5BC2E523DC16FC000CFD9D /* CustomTextView.swift */,
			);
			name = Views;
			path = ../Views;
			sourceTree = "<group>";
		};
		817B262A23151653003DF85D /* Result */ = {
			isa = PBXGroup;
			children = (
				817B262B2315166B003DF85D /* AlbumViewController.swift */,
				FAD03CD1232D08EC0067E2D9 /* ArtistViewController.swift */,
				FA6C3B15232D841D000E1C87 /* TracklistViewController.swift */,
			);
			path = Result;
			sourceTree = "<group>";
		};
		81F46D7A231A724F002CAC44 /* Details */ = {
			isa = PBXGroup;
			children = (
				81F46D7B231A7263002CAC44 /* FormatsCollectionView.swift */,
				FA09D53A2396BFE8006F37BD /* DisclosureButton.swift */,
			);
			path = Details;
			sourceTree = "<group>";
		};
		CD87E881C4C1DBBAFD0975B8 /* Pods */ = {
			isa = PBXGroup;
			children = (
				6B8975BEA48B065D6048A9AA /* Pods-Vinyler.debug.xcconfig */,
				6FA2B50F7D2E7019CA505CC3 /* Pods-Vinyler.release.xcconfig */,
				97C3508E5ACE6D32970A723B /* Pods-Vinyler-VinylerTests.debug.xcconfig */,
				BC8DDB39439408C8EF67D6CE /* Pods-Vinyler-VinylerTests.release.xcconfig */,
			);
			path = Pods;
			sourceTree = "<group>";
		};
		FA09D53C239BF1C6006F37BD /* Search */ = {
			isa = PBXGroup;
			children = (
				FA09D53D239BF1D3006F37BD /* SearchViewController.swift */,
			);
			path = Search;
			sourceTree = "<group>";
		};
		FA6C3B17232D8B4E000E1C87 /* Cells */ = {
			isa = PBXGroup;
			children = (
				FA6C3B18232D8B55000E1C87 /* TrackCell.swift */,
				FA09D5382396B966006F37BD /* FormatCell.swift */,
				FA050CF7239BFAA70067D32C /* SearchCell.swift */,
			);
			path = Cells;
			sourceTree = "<group>";
		};
		FAD03CC2232CF9B00067E2D9 /* ActionSheet */ = {
			isa = PBXGroup;
			children = (
				FAD03CC3232CF9C30067E2D9 /* ActionSheetOption.swift */,
				FAD03CC5232CFA880067E2D9 /* CustomActionSheetViewController.swift */,
				FAD03CCA232CFBA50067E2D9 /* CustomActionSheetHeader.swift */,
				FAD03CCC232CFE310067E2D9 /* CustomActionSheetCell.swift */,
			);
			name = ActionSheet;
			path = ../ActionSheet;
			sourceTree = "<group>";
		};
		FAD03CCE232D04870067E2D9 /* Helpers */ = {
			isa = PBXGroup;
			children = (
				FAD03CCF232D048D0067E2D9 /* Observable+Nil.swift */,
			);
			name = Helpers;
			path = ../Helpers;
			sourceTree = "<group>";
		};
/* End PBXGroup section */

/* Begin PBXNativeTarget section */
		813E834022E441430057F0E6 /* Vinyler */ = {
			isa = PBXNativeTarget;
			buildConfigurationList = 813E835E22E441450057F0E6 /* Build configuration list for PBXNativeTarget "Vinyler" */;
			buildPhases = (
				2007D07A4B9C97ED870B5DE9 /* [CP] Check Pods Manifest.lock */,
				813E833D22E441430057F0E6 /* Sources */,
				813E833E22E441430057F0E6 /* Frameworks */,
				813E833F22E441430057F0E6 /* Resources */,
				FAA41DE7232514E4008BA317 /* ShellScript */,
				3C2C9CCE4A5593D4C33AD55C /* [CP] Embed Pods Frameworks */,
			);
			buildRules = (
			);
			dependencies = (
			);
			name = Vinyler;
			productName = Vinyler;
			productReference = 813E834122E441430057F0E6 /* Vinyler.app */;
			productType = "com.apple.product-type.application";
		};
		813E835422E441450057F0E6 /* VinylerTests */ = {
			isa = PBXNativeTarget;
			buildConfigurationList = 813E836122E441450057F0E6 /* Build configuration list for PBXNativeTarget "VinylerTests" */;
			buildPhases = (
				FE3F1597F064DC7B68201301 /* [CP] Check Pods Manifest.lock */,
				813E835122E441450057F0E6 /* Sources */,
				813E835222E441450057F0E6 /* Frameworks */,
				813E835322E441450057F0E6 /* Resources */,
				F509F965333FD4BE729628FE /* [CP] Embed Pods Frameworks */,
			);
			buildRules = (
			);
			dependencies = (
				813E835722E441450057F0E6 /* PBXTargetDependency */,
			);
			name = VinylerTests;
			productName = VinylerTests;
			productReference = 813E835522E441450057F0E6 /* VinylerTests.xctest */;
			productType = "com.apple.product-type.bundle.unit-test";
		};
/* End PBXNativeTarget section */

/* Begin PBXProject section */
		813E833922E441430057F0E6 /* Project object */ = {
			isa = PBXProject;
			attributes = {
				LastSwiftUpdateCheck = 1010;
				LastUpgradeCheck = 1010;
				ORGANIZATIONNAME = "songkyung min";
				TargetAttributes = {
					813E834022E441430057F0E6 = {
						CreatedOnToolsVersion = 10.1;
					};
					813E835422E441450057F0E6 = {
						CreatedOnToolsVersion = 10.1;
						TestTargetID = 813E834022E441430057F0E6;
					};
				};
			};
			buildConfigurationList = 813E833C22E441430057F0E6 /* Build configuration list for PBXProject "Vinyler" */;
			compatibilityVersion = "Xcode 9.3";
			developmentRegion = en;
			hasScannedForEncodings = 0;
			knownRegions = (
				en,
				Base,
			);
			mainGroup = 813E833822E441430057F0E6;
			productRefGroup = 813E834222E441430057F0E6 /* Products */;
			projectDirPath = "";
			projectRoot = "";
			targets = (
				813E834022E441430057F0E6 /* Vinyler */,
				813E835422E441450057F0E6 /* VinylerTests */,
			);
		};
/* End PBXProject section */

/* Begin PBXResourcesBuildPhase section */
		813E833F22E441430057F0E6 /* Resources */ = {
			isa = PBXResourcesBuildPhase;
			buildActionMask = 2147483647;
			files = (
				FAA41DE923251549008BA317 /* .swiftlint.yml in Resources */,
				817B26322315379C003DF85D /* Assets.xcassets in Resources */,
				7DE9D78923F27F9B007A9CC3 /* loading.json in Resources */,
				387035302698BA880049777F /* HoltwoodOneSC-Regular.otf in Resources */,
				7DEDB63323AB23F2007287B8 /* fluttering.json in Resources */,
				813E834F22E441450057F0E6 /* LaunchScreen.storyboard in Resources */,
				7D6BFAA326F4208900BAF902 /* Prod.xcconfig in Resources */,
			);
			runOnlyForDeploymentPostprocessing = 0;
		};
		813E835322E441450057F0E6 /* Resources */ = {
			isa = PBXResourcesBuildPhase;
			buildActionMask = 2147483647;
			files = (
			);
			runOnlyForDeploymentPostprocessing = 0;
		};
/* End PBXResourcesBuildPhase section */

/* Begin PBXShellScriptBuildPhase section */
		2007D07A4B9C97ED870B5DE9 /* [CP] Check Pods Manifest.lock */ = {
			isa = PBXShellScriptBuildPhase;
			buildActionMask = 2147483647;
			files = (
			);
			inputFileListPaths = (
			);
			inputPaths = (
				"${PODS_PODFILE_DIR_PATH}/Podfile.lock",
				"${PODS_ROOT}/Manifest.lock",
			);
			name = "[CP] Check Pods Manifest.lock";
			outputFileListPaths = (
			);
			outputPaths = (
				"$(DERIVED_FILE_DIR)/Pods-Vinyler-checkManifestLockResult.txt",
			);
			runOnlyForDeploymentPostprocessing = 0;
			shellPath = /bin/sh;
			shellScript = "diff \"${PODS_PODFILE_DIR_PATH}/Podfile.lock\" \"${PODS_ROOT}/Manifest.lock\" > /dev/null\nif [ $? != 0 ] ; then\n    # print error to STDERR\n    echo \"error: The sandbox is not in sync with the Podfile.lock. Run 'pod install' or update your CocoaPods installation.\" >&2\n    exit 1\nfi\n# This output is used by Xcode 'outputs' to avoid re-running this script phase.\necho \"SUCCESS\" > \"${SCRIPT_OUTPUT_FILE_0}\"\n";
			showEnvVarsInLog = 0;
		};
		3C2C9CCE4A5593D4C33AD55C /* [CP] Embed Pods Frameworks */ = {
			isa = PBXShellScriptBuildPhase;
			buildActionMask = 2147483647;
			files = (
			);
			inputFileListPaths = (
				"${PODS_ROOT}/Target Support Files/Pods-Vinyler/Pods-Vinyler-frameworks-${CONFIGURATION}-input-files.xcfilelist",
			);
			name = "[CP] Embed Pods Frameworks";
			outputFileListPaths = (
				"${PODS_ROOT}/Target Support Files/Pods-Vinyler/Pods-Vinyler-frameworks-${CONFIGURATION}-output-files.xcfilelist",
			);
			runOnlyForDeploymentPostprocessing = 0;
			shellPath = /bin/sh;
			shellScript = "\"${PODS_ROOT}/Target Support Files/Pods-Vinyler/Pods-Vinyler-frameworks.sh\"\n";
			showEnvVarsInLog = 0;
		};
		F509F965333FD4BE729628FE /* [CP] Embed Pods Frameworks */ = {
			isa = PBXShellScriptBuildPhase;
			buildActionMask = 2147483647;
			files = (
			);
			inputFileListPaths = (
				"${PODS_ROOT}/Target Support Files/Pods-Vinyler-VinylerTests/Pods-Vinyler-VinylerTests-frameworks-${CONFIGURATION}-input-files.xcfilelist",
			);
			name = "[CP] Embed Pods Frameworks";
			outputFileListPaths = (
				"${PODS_ROOT}/Target Support Files/Pods-Vinyler-VinylerTests/Pods-Vinyler-VinylerTests-frameworks-${CONFIGURATION}-output-files.xcfilelist",
			);
			runOnlyForDeploymentPostprocessing = 0;
			shellPath = /bin/sh;
			shellScript = "\"${PODS_ROOT}/Target Support Files/Pods-Vinyler-VinylerTests/Pods-Vinyler-VinylerTests-frameworks.sh\"\n";
			showEnvVarsInLog = 0;
		};
		FAA41DE7232514E4008BA317 /* ShellScript */ = {
			isa = PBXShellScriptBuildPhase;
			buildActionMask = 2147483647;
			files = (
			);
			inputFileListPaths = (
			);
			inputPaths = (
			);
			outputFileListPaths = (
			);
			outputPaths = (
			);
			runOnlyForDeploymentPostprocessing = 0;
			shellPath = /bin/sh;
			shellScript = "\"${PODS_ROOT}/SwiftLint/swiftlint\"\n";
		};
		FE3F1597F064DC7B68201301 /* [CP] Check Pods Manifest.lock */ = {
			isa = PBXShellScriptBuildPhase;
			buildActionMask = 2147483647;
			files = (
			);
			inputFileListPaths = (
			);
			inputPaths = (
				"${PODS_PODFILE_DIR_PATH}/Podfile.lock",
				"${PODS_ROOT}/Manifest.lock",
			);
			name = "[CP] Check Pods Manifest.lock";
			outputFileListPaths = (
			);
			outputPaths = (
				"$(DERIVED_FILE_DIR)/Pods-Vinyler-VinylerTests-checkManifestLockResult.txt",
			);
			runOnlyForDeploymentPostprocessing = 0;
			shellPath = /bin/sh;
			shellScript = "diff \"${PODS_PODFILE_DIR_PATH}/Podfile.lock\" \"${PODS_ROOT}/Manifest.lock\" > /dev/null\nif [ $? != 0 ] ; then\n    # print error to STDERR\n    echo \"error: The sandbox is not in sync with the Podfile.lock. Run 'pod install' or update your CocoaPods installation.\" >&2\n    exit 1\nfi\n# This output is used by Xcode 'outputs' to avoid re-running this script phase.\necho \"SUCCESS\" > \"${SCRIPT_OUTPUT_FILE_0}\"\n";
			showEnvVarsInLog = 0;
		};
/* End PBXShellScriptBuildPhase section */

/* Begin PBXSourcesBuildPhase section */
		813E833D22E441430057F0E6 /* Sources */ = {
			isa = PBXSourcesBuildPhase;
			buildActionMask = 2147483647;
			files = (
				814B06B0230584D50062906D /* ScanViewController.swift in Sources */,
				FA050CF8239BFAA70067D32C /* SearchCell.swift in Sources */,
				813E837222E449310057F0E6 /* UIColor+Style.swift in Sources */,
				FAD03CCB232CFBA50067E2D9 /* CustomActionSheetHeader.swift in Sources */,
				FAD03CC4232CF9C30067E2D9 /* ActionSheetOption.swift in Sources */,
				814B06A823055C220062906D /* UIView+Exntension.swift in Sources */,
				FAD03CD0232D048D0067E2D9 /* Observable+Nil.swift in Sources */,
				817B263423153FC7003DF85D /* UITapGestureRecognizer+UILabel.swift in Sources */,
				FAD03CC6232CFA880067E2D9 /* CustomActionSheetViewController.swift in Sources */,
				FA09D53B2396BFE8006F37BD /* DisclosureButton.swift in Sources */,
				817B262C2315166B003DF85D /* AlbumViewController.swift in Sources */,
				FA5BC2E623DC16FC000CFD9D /* CustomTextView.swift in Sources */,
				FAD03CD4232D0D5B0067E2D9 /* Artist.swift in Sources */,
				FAD03CC9232CFAE60067E2D9 /* DynamicTableView.swift in Sources */,
				817B25DA230970CB003DF85D /* PreviewView.swift in Sources */,
				813E837D22E468420057F0E6 /* Release.swift in Sources */,
				817B262E23151881003DF85D /* UIViewController+Rx.swift in Sources */,
				FAD03CCD232CFE310067E2D9 /* CustomActionSheetCell.swift in Sources */,
				813E838522E46E260057F0E6 /* Format.swift in Sources */,
				813E834522E441430057F0E6 /* AppDelegate.swift in Sources */,
				387035212698B6A60049777F /* HomeViewController.swift in Sources */,
				817B25E12309791D003DF85D /* LoadingViewController.swift in Sources */,
				FAD03CD2232D08EC0067E2D9 /* ArtistViewController.swift in Sources */,
				817B25D623059434003DF85D /* UIImage+Assets.swift in Sources */,
				817B25DC23097108003DF85D /* CameraTargetView.swift in Sources */,
				813E837022E446CE0057F0E6 /* UIButton+Style.swift in Sources */,
				FA6C3B16232D841D000E1C87 /* TracklistViewController.swift in Sources */,
				817B25E423097BB4003DF85D /* ActivityIndicatorView.swift in Sources */,
				FA09D5392396B966006F37BD /* FormatCell.swift in Sources */,
				813E837722E45CEC0057F0E6 /* Results.swift in Sources */,
				813E837522E450D30057F0E6 /* DiscogsAPI.swift in Sources */,
				813E838322E46D2D0057F0E6 /* Image.swift in Sources */,
				FAD03CD8232D61CC0067E2D9 /* Extension+UIImageView.swift in Sources */,
				813E837B22E4676F0057F0E6 /* UILabel+Style.swift in Sources */,
				FA5BC2E823DC1772000CFD9D /* UITextView+Extension.swift in Sources */,
				81F46D7C231A7263002CAC44 /* FormatsCollectionView.swift in Sources */,
				814B06A323040D3A0062906D /* String+Assets.swift in Sources */,
				FA5BC2E423DC15C2000CFD9D /* AppInfoViewController.swift in Sources */,
				813E837F22E46BAA0057F0E6 /* TrackList.swift in Sources */,
				817B263023152389003DF85D /* ObservableType+Void.swift in Sources */,
				FAD03CD6232D0E460067E2D9 /* ArtistDetail.swift in Sources */,
				FA09D53E239BF1D3006F37BD /* SearchViewController.swift in Sources */,
				FA09D540239BF26E006F37BD /* UITextfield+Style.swift in Sources */,
				813E836622E441830057F0E6 /* MainViewController.swift in Sources */,
				FA177E9724028ABB00AF1BF6 /* DefaultStyle.swift in Sources */,
				817B25D8230966E8003DF85D /* RxAVCaptureMetadataOutputObjectsDelegate.swift in Sources */,
				814B06AD2305849A0062906D /* NavigationController.swift in Sources */,
				813E838122E46C550057F0E6 /* Videos.swift in Sources */,
				7DEDB63123AB1633007287B8 /* AnimationView+Style.swift in Sources */,
				814B06AB230584680062906D /* NavigationControllerDelegate.swift in Sources */,
				817B25DF230978EE003DF85D /* PresentLoadingAnimationController.swift in Sources */,
				FA6C3B19232D8B55000E1C87 /* TrackCell.swift in Sources */,
				813E837922E467090057F0E6 /* UIFont+Style.swift in Sources */,
				7D18847926EEFFF100AE8815 /* Constants.swift in Sources */,
			);
			runOnlyForDeploymentPostprocessing = 0;
		};
		813E835122E441450057F0E6 /* Sources */ = {
			isa = PBXSourcesBuildPhase;
			buildActionMask = 2147483647;
			files = (
				813E835A22E441450057F0E6 /* VinylerTests.swift in Sources */,
			);
			runOnlyForDeploymentPostprocessing = 0;
		};
/* End PBXSourcesBuildPhase section */

/* Begin PBXTargetDependency section */
		813E835722E441450057F0E6 /* PBXTargetDependency */ = {
			isa = PBXTargetDependency;
			target = 813E834022E441430057F0E6 /* Vinyler */;
			targetProxy = 813E835622E441450057F0E6 /* PBXContainerItemProxy */;
		};
/* End PBXTargetDependency section */

/* Begin PBXVariantGroup section */
		813E834D22E441450057F0E6 /* LaunchScreen.storyboard */ = {
			isa = PBXVariantGroup;
			children = (
				813E834E22E441450057F0E6 /* Base */,
			);
			name = LaunchScreen.storyboard;
			sourceTree = "<group>";
		};
/* End PBXVariantGroup section */

/* Begin XCBuildConfiguration section */
		813E835C22E441450057F0E6 /* Debug */ = {
			isa = XCBuildConfiguration;
			buildSettings = {
				ALWAYS_SEARCH_USER_PATHS = NO;
				CLANG_ANALYZER_NONNULL = YES;
				CLANG_ANALYZER_NUMBER_OBJECT_CONVERSION = YES_AGGRESSIVE;
				CLANG_CXX_LANGUAGE_STANDARD = "gnu++14";
				CLANG_CXX_LIBRARY = "libc++";
				CLANG_ENABLE_MODULES = YES;
				CLANG_ENABLE_OBJC_ARC = YES;
				CLANG_ENABLE_OBJC_WEAK = YES;
				CLANG_WARN_BLOCK_CAPTURE_AUTORELEASING = YES;
				CLANG_WARN_BOOL_CONVERSION = YES;
				CLANG_WARN_COMMA = YES;
				CLANG_WARN_CONSTANT_CONVERSION = YES;
				CLANG_WARN_DEPRECATED_OBJC_IMPLEMENTATIONS = YES;
				CLANG_WARN_DIRECT_OBJC_ISA_USAGE = YES_ERROR;
				CLANG_WARN_DOCUMENTATION_COMMENTS = YES;
				CLANG_WARN_EMPTY_BODY = YES;
				CLANG_WARN_ENUM_CONVERSION = YES;
				CLANG_WARN_INFINITE_RECURSION = YES;
				CLANG_WARN_INT_CONVERSION = YES;
				CLANG_WARN_NON_LITERAL_NULL_CONVERSION = YES;
				CLANG_WARN_OBJC_IMPLICIT_RETAIN_SELF = YES;
				CLANG_WARN_OBJC_LITERAL_CONVERSION = YES;
				CLANG_WARN_OBJC_ROOT_CLASS = YES_ERROR;
				CLANG_WARN_RANGE_LOOP_ANALYSIS = YES;
				CLANG_WARN_STRICT_PROTOTYPES = YES;
				CLANG_WARN_SUSPICIOUS_MOVE = YES;
				CLANG_WARN_UNGUARDED_AVAILABILITY = YES_AGGRESSIVE;
				CLANG_WARN_UNREACHABLE_CODE = YES;
				CLANG_WARN__DUPLICATE_METHOD_MATCH = YES;
				CODE_SIGN_IDENTITY = "iPhone Developer";
				COPY_PHASE_STRIP = NO;
				DEBUG_INFORMATION_FORMAT = dwarf;
				ENABLE_STRICT_OBJC_MSGSEND = YES;
				ENABLE_TESTABILITY = YES;
				GCC_C_LANGUAGE_STANDARD = gnu11;
				GCC_DYNAMIC_NO_PIC = NO;
				GCC_NO_COMMON_BLOCKS = YES;
				GCC_OPTIMIZATION_LEVEL = 0;
				GCC_PREPROCESSOR_DEFINITIONS = (
					"DEBUG=1",
					"$(inherited)",
				);
				GCC_WARN_64_TO_32_BIT_CONVERSION = YES;
				GCC_WARN_ABOUT_RETURN_TYPE = YES_ERROR;
				GCC_WARN_UNDECLARED_SELECTOR = YES;
				GCC_WARN_UNINITIALIZED_AUTOS = YES_AGGRESSIVE;
				GCC_WARN_UNUSED_FUNCTION = YES;
				GCC_WARN_UNUSED_VARIABLE = YES;
				IPHONEOS_DEPLOYMENT_TARGET = 12.1;
				MTL_ENABLE_DEBUG_INFO = INCLUDE_SOURCE;
				MTL_FAST_MATH = YES;
				ONLY_ACTIVE_ARCH = YES;
				SDKROOT = iphoneos;
				SWIFT_ACTIVE_COMPILATION_CONDITIONS = DEBUG;
				SWIFT_OPTIMIZATION_LEVEL = "-Onone";
			};
			name = Debug;
		};
		813E835D22E441450057F0E6 /* Release */ = {
			isa = XCBuildConfiguration;
			baseConfigurationReference = 7D6BFAA226F4208900BAF902 /* Prod.xcconfig */;
			buildSettings = {
				ALWAYS_SEARCH_USER_PATHS = NO;
				CLANG_ANALYZER_NONNULL = YES;
				CLANG_ANALYZER_NUMBER_OBJECT_CONVERSION = YES_AGGRESSIVE;
				CLANG_CXX_LANGUAGE_STANDARD = "gnu++14";
				CLANG_CXX_LIBRARY = "libc++";
				CLANG_ENABLE_MODULES = YES;
				CLANG_ENABLE_OBJC_ARC = YES;
				CLANG_ENABLE_OBJC_WEAK = YES;
				CLANG_WARN_BLOCK_CAPTURE_AUTORELEASING = YES;
				CLANG_WARN_BOOL_CONVERSION = YES;
				CLANG_WARN_COMMA = YES;
				CLANG_WARN_CONSTANT_CONVERSION = YES;
				CLANG_WARN_DEPRECATED_OBJC_IMPLEMENTATIONS = YES;
				CLANG_WARN_DIRECT_OBJC_ISA_USAGE = YES_ERROR;
				CLANG_WARN_DOCUMENTATION_COMMENTS = YES;
				CLANG_WARN_EMPTY_BODY = YES;
				CLANG_WARN_ENUM_CONVERSION = YES;
				CLANG_WARN_INFINITE_RECURSION = YES;
				CLANG_WARN_INT_CONVERSION = YES;
				CLANG_WARN_NON_LITERAL_NULL_CONVERSION = YES;
				CLANG_WARN_OBJC_IMPLICIT_RETAIN_SELF = YES;
				CLANG_WARN_OBJC_LITERAL_CONVERSION = YES;
				CLANG_WARN_OBJC_ROOT_CLASS = YES_ERROR;
				CLANG_WARN_RANGE_LOOP_ANALYSIS = YES;
				CLANG_WARN_STRICT_PROTOTYPES = YES;
				CLANG_WARN_SUSPICIOUS_MOVE = YES;
				CLANG_WARN_UNGUARDED_AVAILABILITY = YES_AGGRESSIVE;
				CLANG_WARN_UNREACHABLE_CODE = YES;
				CLANG_WARN__DUPLICATE_METHOD_MATCH = YES;
				CODE_SIGN_IDENTITY = "iPhone Developer";
				COPY_PHASE_STRIP = NO;
				DEBUG_INFORMATION_FORMAT = "dwarf-with-dsym";
				ENABLE_NS_ASSERTIONS = NO;
				ENABLE_STRICT_OBJC_MSGSEND = YES;
				GCC_C_LANGUAGE_STANDARD = gnu11;
				GCC_NO_COMMON_BLOCKS = YES;
				GCC_WARN_64_TO_32_BIT_CONVERSION = YES;
				GCC_WARN_ABOUT_RETURN_TYPE = YES_ERROR;
				GCC_WARN_UNDECLARED_SELECTOR = YES;
				GCC_WARN_UNINITIALIZED_AUTOS = YES_AGGRESSIVE;
				GCC_WARN_UNUSED_FUNCTION = YES;
				GCC_WARN_UNUSED_VARIABLE = YES;
				IPHONEOS_DEPLOYMENT_TARGET = 12.1;
				MTL_ENABLE_DEBUG_INFO = NO;
				MTL_FAST_MATH = YES;
				SDKROOT = iphoneos;
				SWIFT_COMPILATION_MODE = wholemodule;
				SWIFT_OPTIMIZATION_LEVEL = "-O";
				VALIDATE_PRODUCT = YES;
			};
			name = Release;
		};
		813E835F22E441450057F0E6 /* Debug */ = {
			isa = XCBuildConfiguration;
			baseConfigurationReference = 6B8975BEA48B065D6048A9AA /* Pods-Vinyler.debug.xcconfig */;
			buildSettings = {
				ASSETCATALOG_COMPILER_APPICON_NAME = AppIcon;
				CODE_SIGN_STYLE = Automatic;
				DEVELOPMENT_TEAM = JH6HFBQXT6;
				INFOPLIST_FILE = Vinyler/Info.plist;
				IPHONEOS_DEPLOYMENT_TARGET = 12.0;
				LD_RUNPATH_SEARCH_PATHS = (
					"$(inherited)",
					"@executable_path/Frameworks",
				);
				MARKETING_VERSION = 2.0;
				PRODUCT_BUNDLE_IDENTIFIER = kr.miin.Vinyler;
				PRODUCT_NAME = "$(TARGET_NAME)";
				SWIFT_VERSION = 4.2;
				TARGETED_DEVICE_FAMILY = 1;
			};
			name = Debug;
		};
		813E836022E441450057F0E6 /* Release */ = {
			isa = XCBuildConfiguration;
			baseConfigurationReference = 6FA2B50F7D2E7019CA505CC3 /* Pods-Vinyler.release.xcconfig */;
			buildSettings = {
				ASSETCATALOG_COMPILER_APPICON_NAME = AppIcon;
				CODE_SIGN_STYLE = Automatic;
				DEVELOPMENT_TEAM = JH6HFBQXT6;
				INFOPLIST_FILE = Vinyler/Info.plist;
				IPHONEOS_DEPLOYMENT_TARGET = 12.0;
				LD_RUNPATH_SEARCH_PATHS = (
					"$(inherited)",
					"@executable_path/Frameworks",
				);
				MARKETING_VERSION = 2.0;
				PRODUCT_BUNDLE_IDENTIFIER = kr.miin.Vinyler;
				PRODUCT_NAME = "$(TARGET_NAME)";
				SWIFT_VERSION = 4.2;
				TARGETED_DEVICE_FAMILY = 1;
			};
			name = Release;
		};
		813E836222E441450057F0E6 /* Debug */ = {
			isa = XCBuildConfiguration;
			baseConfigurationReference = 97C3508E5ACE6D32970A723B /* Pods-Vinyler-VinylerTests.debug.xcconfig */;
			buildSettings = {
				ALWAYS_EMBED_SWIFT_STANDARD_LIBRARIES = YES;
				BUNDLE_LOADER = "$(TEST_HOST)";
				CODE_SIGN_STYLE = Automatic;
				DEVELOPMENT_TEAM = JH6HFBQXT6;
				INFOPLIST_FILE = VinylerTests/Info.plist;
				LD_RUNPATH_SEARCH_PATHS = (
					"$(inherited)",
					"@executable_path/Frameworks",
					"@loader_path/Frameworks",
				);
				PRODUCT_BUNDLE_IDENTIFIER = kr.miin.VinylerTests;
				PRODUCT_NAME = "$(TARGET_NAME)";
				SWIFT_VERSION = 4.2;
				TARGETED_DEVICE_FAMILY = "1,2";
				TEST_HOST = "$(BUILT_PRODUCTS_DIR)/Vinyler.app/Vinyler";
			};
			name = Debug;
		};
		813E836322E441450057F0E6 /* Release */ = {
			isa = XCBuildConfiguration;
			baseConfigurationReference = BC8DDB39439408C8EF67D6CE /* Pods-Vinyler-VinylerTests.release.xcconfig */;
			buildSettings = {
				ALWAYS_EMBED_SWIFT_STANDARD_LIBRARIES = YES;
				BUNDLE_LOADER = "$(TEST_HOST)";
				CODE_SIGN_STYLE = Automatic;
				DEVELOPMENT_TEAM = JH6HFBQXT6;
				INFOPLIST_FILE = VinylerTests/Info.plist;
				LD_RUNPATH_SEARCH_PATHS = (
					"$(inherited)",
					"@executable_path/Frameworks",
					"@loader_path/Frameworks",
				);
				PRODUCT_BUNDLE_IDENTIFIER = kr.miin.VinylerTests;
				PRODUCT_NAME = "$(TARGET_NAME)";
				SWIFT_VERSION = 4.2;
				TARGETED_DEVICE_FAMILY = "1,2";
				TEST_HOST = "$(BUILT_PRODUCTS_DIR)/Vinyler.app/Vinyler";
			};
			name = Release;
		};
/* End XCBuildConfiguration section */

/* Begin XCConfigurationList section */
		813E833C22E441430057F0E6 /* Build configuration list for PBXProject "Vinyler" */ = {
			isa = XCConfigurationList;
			buildConfigurations = (
				813E835C22E441450057F0E6 /* Debug */,
				813E835D22E441450057F0E6 /* Release */,
			);
			defaultConfigurationIsVisible = 0;
			defaultConfigurationName = Release;
		};
		813E835E22E441450057F0E6 /* Build configuration list for PBXNativeTarget "Vinyler" */ = {
			isa = XCConfigurationList;
			buildConfigurations = (
				813E835F22E441450057F0E6 /* Debug */,
				813E836022E441450057F0E6 /* Release */,
			);
			defaultConfigurationIsVisible = 0;
			defaultConfigurationName = Release;
		};
		813E836122E441450057F0E6 /* Build configuration list for PBXNativeTarget "VinylerTests" */ = {
			isa = XCConfigurationList;
			buildConfigurations = (
				813E836222E441450057F0E6 /* Debug */,
				813E836322E441450057F0E6 /* Release */,
			);
			defaultConfigurationIsVisible = 0;
			defaultConfigurationName = Release;
		};
/* End XCConfigurationList section */
	};
	rootObject = 813E833922E441430057F0E6 /* Project object */;
}
