// !$*UTF8*$!
{
	archiveVersion = 1;
	classes = {
	};
	objectVersion = 54;
	objects = {

/* Begin PBXBuildFile section */
		1A35C6520698B69C0C0FA1D1 /* Pods_Vinyler.framework in Frameworks */ = {isa = PBXBuildFile; fileRef = 231E94EE65C965FDC9D225DE /* Pods_Vinyler.framework */; };
		38076B532DB8DF2C0032C439 /* ArtistViewModel.swift in Sources */ = {isa = PBXBuildFile; fileRef = 38076B522DB8DF2C0032C439 /* ArtistViewModel.swift */; };
		3811FA152DB142370028FEC9 /* SearchViewModel.swift in Sources */ = {isa = PBXBuildFile; fileRef = 3811FA142DB142370028FEC9 /* SearchViewModel.swift */; };
		3811FA172DB144810028FEC9 /* ScanViewModel.swift in Sources */ = {isa = PBXBuildFile; fileRef = 3811FA162DB144810028FEC9 /* ScanViewModel.swift */; };
		3850AEA72DBA0AF70052BFF1 /* MyPageViewModel.swift in Sources */ = {isa = PBXBuildFile; fileRef = 3850AEA62DBA0AF70052BFF1 /* MyPageViewModel.swift */; };
		3850AEA92DBA0B490052BFF1 /* MyPageViewController.swift in Sources */ = {isa = PBXBuildFile; fileRef = 3850AEA82DBA0B490052BFF1 /* MyPageViewController.swift */; };
		3850AEAB2DBA1E110052BFF1 /* Menu.swift in Sources */ = {isa = PBXBuildFile; fileRef = 3850AEAA2DBA1E110052BFF1 /* Menu.swift */; };
		3850AEAD2DBA1E510052BFF1 /* MenuCell.swift in Sources */ = {isa = PBXBuildFile; fileRef = 3850AEAC2DBA1E510052BFF1 /* MenuCell.swift */; };
		386197D42DF86DA40088173A /* ReviewCell.swift in Sources */ = {isa = PBXBuildFile; fileRef = 386197D32DF86DA40088173A /* ReviewCell.swift */; };
		387035212698B6A60049777F /* HomeViewController.swift in Sources */ = {isa = PBXBuildFile; fileRef = 387035202698B6A60049777F /* HomeViewController.swift */; };
		387035302698BA880049777F /* HoltwoodOneSC-Regular.otf in Resources */ = {isa = PBXBuildFile; fileRef = 3870352F2698BA880049777F /* HoltwoodOneSC-Regular.otf */; };
		3876F78B2D92DD8F000B29C5 /* LoginViewModel.swift in Sources */ = {isa = PBXBuildFile; fileRef = 3876F78A2D92DD8F000B29C5 /* LoginViewModel.swift */; };
		3876F78F2D92DE15000B29C5 /* LoginRequest.swift in Sources */ = {isa = PBXBuildFile; fileRef = 3876F78E2D92DE15000B29C5 /* LoginRequest.swift */; };
		3876F7932D92DF57000B29C5 /* LoginViewController.swift in Sources */ = {isa = PBXBuildFile; fileRef = 3876F7922D92DF57000B29C5 /* LoginViewController.swift */; };
		3876F7952D92F069000B29C5 /* AlbumViewModel.swift in Sources */ = {isa = PBXBuildFile; fileRef = 3876F7942D92F069000B29C5 /* AlbumViewModel.swift */; };
		387926422D80776700841CAF /* SignUpViewController.swift in Sources */ = {isa = PBXBuildFile; fileRef = 387926412D80776700841CAF /* SignUpViewController.swift */; };
		387926442D8077BE00841CAF /* SignUpViewModel.swift in Sources */ = {isa = PBXBuildFile; fileRef = 387926432D8077BE00841CAF /* SignUpViewModel.swift */; };
		387926462D8077D700841CAF /* CommonUseCase.swift in Sources */ = {isa = PBXBuildFile; fileRef = 387926452D8077D700841CAF /* CommonUseCase.swift */; };
		3879264D2D80790700841CAF /* SceneCoordinatorType.swift in Sources */ = {isa = PBXBuildFile; fileRef = 3879264C2D80790700841CAF /* SceneCoordinatorType.swift */; };
		387926502D80792400841CAF /* TargetScene.swift in Sources */ = {isa = PBXBuildFile; fileRef = 3879264F2D80792400841CAF /* TargetScene.swift */; };
		387926522D80793F00841CAF /* SceneTransitionType.swift in Sources */ = {isa = PBXBuildFile; fileRef = 387926512D80793F00841CAF /* SceneTransitionType.swift */; };
		387926542D80799200841CAF /* ViewModelBindableType.swift in Sources */ = {isa = PBXBuildFile; fileRef = 387926532D80799200841CAF /* ViewModelBindableType.swift */; };
		3879265E2D807F0900841CAF /* UserSignUpLoginRepository.swift in Sources */ = {isa = PBXBuildFile; fileRef = 3879265D2D807F0900841CAF /* UserSignUpLoginRepository.swift */; };
		387926612D8081DC00841CAF /* CommonService.swift in Sources */ = {isa = PBXBuildFile; fileRef = 387926602D8081DC00841CAF /* CommonService.swift */; };
		387E38CB2D96E18B003C1920 /* MainViewModel.swift in Sources */ = {isa = PBXBuildFile; fileRef = 387E38CA2D96E18B003C1920 /* MainViewModel.swift */; };
		387E38CF2D96E431003C1920 /* LoginResponse.swift in Sources */ = {isa = PBXBuildFile; fileRef = 387E38CE2D96E431003C1920 /* LoginResponse.swift */; };
		38ADA6602D86F1DA00411B8B /* CustomTextFieldView.swift in Sources */ = {isa = PBXBuildFile; fileRef = 38ADA65F2D86F1DA00411B8B /* CustomTextFieldView.swift */; };
		38ADA6622D87273900411B8B /* SceneCoordinator.swift in Sources */ = {isa = PBXBuildFile; fileRef = 38ADA6612D87273900411B8B /* SceneCoordinator.swift */; };
		38ADA6642D87278800411B8B /* Extensions+ObservableType.swift in Sources */ = {isa = PBXBuildFile; fileRef = 38ADA6632D87278800411B8B /* Extensions+ObservableType.swift */; };
		38ADA6662D87288200411B8B /* Extensions+UIViewController.swift in Sources */ = {isa = PBXBuildFile; fileRef = 38ADA6652D87288200411B8B /* Extensions+UIViewController.swift */; };
		38BE25312DBE5BF700622B09 /* VinylerRelease.swift in Sources */ = {isa = PBXBuildFile; fileRef = 38BE25302DBE5BF700622B09 /* VinylerRelease.swift */; };
		38CDB5B72DB9F38A00D5EAD2 /* TrackListViewModel.swift in Sources */ = {isa = PBXBuildFile; fileRef = 38CDB5B62DB9F38A00D5EAD2 /* TrackListViewModel.swift */; };
		38CF4C382DF80EFC00EDE3A9 /* ReviewView.swift in Sources */ = {isa = PBXBuildFile; fileRef = 38CF4C372DF80EFC00EDE3A9 /* ReviewView.swift */; };
		38D4EBBE2DBA84410028F11C /* LikedListViewController.swift in Sources */ = {isa = PBXBuildFile; fileRef = 38D4EBBD2DBA84410028F11C /* LikedListViewController.swift */; };
		38D4EBC02DBA84840028F11C /* LikedListViewModel.swift in Sources */ = {isa = PBXBuildFile; fileRef = 38D4EBBF2DBA84840028F11C /* LikedListViewModel.swift */; };
		38D4EBC42DBA86880028F11C /* LikeCell.swift in Sources */ = {isa = PBXBuildFile; fileRef = 38D4EBC32DBA86880028F11C /* LikeCell.swift */; };
		38DB0B832D97FE9800E73893 /* AuthManager.swift in Sources */ = {isa = PBXBuildFile; fileRef = 38DB0B822D97FE9800E73893 /* AuthManager.swift */; };
		38DBC2F02D7F2DB600E444A1 /* TestResponse.swift in Sources */ = {isa = PBXBuildFile; fileRef = 38DBC2EF2D7F2DB600E444A1 /* TestResponse.swift */; };
		38DBC2F22D7F2DCD00E444A1 /* TestRequest.swift in Sources */ = {isa = PBXBuildFile; fileRef = 38DBC2F12D7F2DCD00E444A1 /* TestRequest.swift */; };
		38DBC2F42D7F2F9600E444A1 /* JSONSerializer.swift in Sources */ = {isa = PBXBuildFile; fileRef = 38DBC2F32D7F2F9600E444A1 /* JSONSerializer.swift */; };
		38DBC2F62D7F313D00E444A1 /* Extensions+String.swift in Sources */ = {isa = PBXBuildFile; fileRef = 38DBC2F52D7F313D00E444A1 /* Extensions+String.swift */; };
		38DBC2F82D7F33F600E444A1 /* APIClient.swift in Sources */ = {isa = PBXBuildFile; fileRef = 38DBC2F72D7F33F600E444A1 /* APIClient.swift */; };
		38DBC2FA2D7F36D600E444A1 /* APIEndPoint.swift in Sources */ = {isa = PBXBuildFile; fileRef = 38DBC2F92D7F36D600E444A1 /* APIEndPoint.swift */; };
		38DBC2FF2D7F381A00E444A1 /* NetworkError.swift in Sources */ = {isa = PBXBuildFile; fileRef = 38DBC2FE2D7F381A00E444A1 /* NetworkError.swift */; };
		38DC17662D9D61630026811D /* VinylUseCase.swift in Sources */ = {isa = PBXBuildFile; fileRef = 38DC17652D9D61630026811D /* VinylUseCase.swift */; };
		38DC17682D9D61B00026811D /* LikeRequest.swift in Sources */ = {isa = PBXBuildFile; fileRef = 38DC17672D9D61B00026811D /* LikeRequest.swift */; };
		38DC176A2D9D68920026811D /* VinylRepository.swift in Sources */ = {isa = PBXBuildFile; fileRef = 38DC17692D9D68920026811D /* VinylRepository.swift */; };
		38DC176C2D9D69250026811D /* VinylService.swift in Sources */ = {isa = PBXBuildFile; fileRef = 38DC176B2D9D69250026811D /* VinylService.swift */; };
		38DC2D802D9E7E500023F6F3 /* VinylLikeResponse.swift in Sources */ = {isa = PBXBuildFile; fileRef = 38DC2D7F2D9E7E500023F6F3 /* VinylLikeResponse.swift */; };
		38DC2D822D9E81310023F6F3 /* LoadingViewModel.swift in Sources */ = {isa = PBXBuildFile; fileRef = 38DC2D812D9E81310023F6F3 /* LoadingViewModel.swift */; };
		38E297B92DBD36F10038C505 /* UserUseCase.swift in Sources */ = {isa = PBXBuildFile; fileRef = 38E297B82DBD36F10038C505 /* UserUseCase.swift */; };
		38E297BB2DBD373B0038C505 /* UserRepository.swift in Sources */ = {isa = PBXBuildFile; fileRef = 38E297BA2DBD373B0038C505 /* UserRepository.swift */; };
		38E297BD2DBD37910038C505 /* UserService.swift in Sources */ = {isa = PBXBuildFile; fileRef = 38E297BC2DBD37910038C505 /* UserService.swift */; };
		38FB99F82D9025D700993111 /* SignUpRequest.swift in Sources */ = {isa = PBXBuildFile; fileRef = 38FB99F72D9025D700993111 /* SignUpRequest.swift */; };
		5753D83AE30CAB86E825B19E /* Pods_Vinyler_VinylerTests.framework in Frameworks */ = {isa = PBXBuildFile; fileRef = 34C2B420B7F0818BA4802C18 /* Pods_Vinyler_VinylerTests.framework */; };
		7D18847926EEFFF100AE8815 /* Constants.swift in Sources */ = {isa = PBXBuildFile; fileRef = 7D18847826EEFFF100AE8815 /* Constants.swift */; };
		7D6BFAA326F4208900BAF902 /* Prod.xcconfig in Resources */ = {isa = PBXBuildFile; fileRef = 7D6BFAA226F4208900BAF902 /* Prod.xcconfig */; };
		7DE9D78923F27F9B007A9CC3 /* loading.json in Resources */ = {isa = PBXBuildFile; fileRef = 7DE9D78823F27F9B007A9CC3 /* loading.json */; };
		7DEDB63123AB1633007287B8 /* AnimationView+Style.swift in Sources */ = {isa = PBXBuildFile; fileRef = 7DEDB63023AB1633007287B8 /* AnimationView+Style.swift */; };
		7DEDB63323AB23F2007287B8 /* fluttering.json in Resources */ = {isa = PBXBuildFile; fileRef = 7DEDB63223AB23F1007287B8 /* fluttering.json */; };
		813E834522E441430057F0E6 /* AppDelegate.swift in Sources */ = {isa = PBXBuildFile; fileRef = 813E834422E441430057F0E6 /* AppDelegate.swift */; };
		813E834F22E441450057F0E6 /* LaunchScreen.storyboard in Resources */ = {isa = PBXBuildFile; fileRef = 813E834D22E441450057F0E6 /* LaunchScreen.storyboard */; };
		813E835A22E441450057F0E6 /* VinylerTests.swift in Sources */ = {isa = PBXBuildFile; fileRef = 813E835922E441450057F0E6 /* VinylerTests.swift */; };
		813E836622E441830057F0E6 /* MainViewController.swift in Sources */ = {isa = PBXBuildFile; fileRef = 813E836522E441830057F0E6 /* MainViewController.swift */; };
		813E837022E446CE0057F0E6 /* UIButton+Style.swift in Sources */ = {isa = PBXBuildFile; fileRef = 813E836F22E446CE0057F0E6 /* UIButton+Style.swift */; };
		813E837222E449310057F0E6 /* UIColor+Style.swift in Sources */ = {isa = PBXBuildFile; fileRef = 813E837122E449310057F0E6 /* UIColor+Style.swift */; };
		813E837522E450D30057F0E6 /* DiscogsAPI.swift in Sources */ = {isa = PBXBuildFile; fileRef = 813E837422E450D30057F0E6 /* DiscogsAPI.swift */; };
		813E837722E45CEC0057F0E6 /* Results.swift in Sources */ = {isa = PBXBuildFile; fileRef = 813E837622E45CEC0057F0E6 /* Results.swift */; };
		813E837922E467090057F0E6 /* UIFont+Style.swift in Sources */ = {isa = PBXBuildFile; fileRef = 813E837822E467090057F0E6 /* UIFont+Style.swift */; };
		813E837B22E4676F0057F0E6 /* UILabel+Style.swift in Sources */ = {isa = PBXBuildFile; fileRef = 813E837A22E4676F0057F0E6 /* UILabel+Style.swift */; };
		813E837D22E468420057F0E6 /* Release.swift in Sources */ = {isa = PBXBuildFile; fileRef = 813E837C22E468410057F0E6 /* Release.swift */; };
		813E837F22E46BAA0057F0E6 /* TrackList.swift in Sources */ = {isa = PBXBuildFile; fileRef = 813E837E22E46BAA0057F0E6 /* TrackList.swift */; };
		813E838122E46C550057F0E6 /* Videos.swift in Sources */ = {isa = PBXBuildFile; fileRef = 813E838022E46C550057F0E6 /* Videos.swift */; };
		813E838322E46D2D0057F0E6 /* Image.swift in Sources */ = {isa = PBXBuildFile; fileRef = 813E838222E46D2D0057F0E6 /* Image.swift */; };
		813E838522E46E260057F0E6 /* Format.swift in Sources */ = {isa = PBXBuildFile; fileRef = 813E838422E46E260057F0E6 /* Format.swift */; };
		814B06A323040D3A0062906D /* String+Assets.swift in Sources */ = {isa = PBXBuildFile; fileRef = 814B06A223040D3A0062906D /* String+Assets.swift */; };
		814B06A823055C220062906D /* UIView+Exntension.swift in Sources */ = {isa = PBXBuildFile; fileRef = 814B06A723055C220062906D /* UIView+Exntension.swift */; };
		814B06AB230584680062906D /* NavigationControllerDelegate.swift in Sources */ = {isa = PBXBuildFile; fileRef = 814B06AA230584680062906D /* NavigationControllerDelegate.swift */; };
		814B06AD2305849A0062906D /* NavigationController.swift in Sources */ = {isa = PBXBuildFile; fileRef = 814B06AC230584990062906D /* NavigationController.swift */; };
		814B06B0230584D50062906D /* ScanViewController.swift in Sources */ = {isa = PBXBuildFile; fileRef = 814B06AF230584D50062906D /* ScanViewController.swift */; };
		817B25D623059434003DF85D /* UIImage+Assets.swift in Sources */ = {isa = PBXBuildFile; fileRef = 817B25D523059434003DF85D /* UIImage+Assets.swift */; };
		817B25D8230966E8003DF85D /* RxAVCaptureMetadataOutputObjectsDelegate.swift in Sources */ = {isa = PBXBuildFile; fileRef = 817B25D7230966E8003DF85D /* RxAVCaptureMetadataOutputObjectsDelegate.swift */; };
		817B25DA230970CB003DF85D /* PreviewView.swift in Sources */ = {isa = PBXBuildFile; fileRef = 817B25D9230970CB003DF85D /* PreviewView.swift */; };
		817B25DC23097108003DF85D /* CameraTargetView.swift in Sources */ = {isa = PBXBuildFile; fileRef = 817B25DB23097108003DF85D /* CameraTargetView.swift */; };
		817B25DF230978EE003DF85D /* PresentLoadingAnimationController.swift in Sources */ = {isa = PBXBuildFile; fileRef = 817B25DE230978EE003DF85D /* PresentLoadingAnimationController.swift */; };
		817B25E12309791D003DF85D /* LoadingViewController.swift in Sources */ = {isa = PBXBuildFile; fileRef = 817B25E02309791D003DF85D /* LoadingViewController.swift */; };
		817B25E423097BB4003DF85D /* ActivityIndicatorView.swift in Sources */ = {isa = PBXBuildFile; fileRef = 817B25E323097BB4003DF85D /* ActivityIndicatorView.swift */; };
		817B262C2315166B003DF85D /* AlbumViewController.swift in Sources */ = {isa = PBXBuildFile; fileRef = 817B262B2315166B003DF85D /* AlbumViewController.swift */; };
		817B262E23151881003DF85D /* UIViewController+Rx.swift in Sources */ = {isa = PBXBuildFile; fileRef = 817B262D23151881003DF85D /* UIViewController+Rx.swift */; };
		817B263023152389003DF85D /* ObservableType+Void.swift in Sources */ = {isa = PBXBuildFile; fileRef = 817B262F23152389003DF85D /* ObservableType+Void.swift */; };
		817B26322315379C003DF85D /* Assets.xcassets in Resources */ = {isa = PBXBuildFile; fileRef = 817B26312315379B003DF85D /* Assets.xcassets */; };
		817B263423153FC7003DF85D /* UITapGestureRecognizer+UILabel.swift in Sources */ = {isa = PBXBuildFile; fileRef = 817B263323153FC7003DF85D /* UITapGestureRecognizer+UILabel.swift */; };
		81F46D7C231A7263002CAC44 /* FormatsCollectionView.swift in Sources */ = {isa = PBXBuildFile; fileRef = 81F46D7B231A7263002CAC44 /* FormatsCollectionView.swift */; };
		FA050CF8239BFAA70067D32C /* SearchCell.swift in Sources */ = {isa = PBXBuildFile; fileRef = FA050CF7239BFAA70067D32C /* SearchCell.swift */; };
		FA09D5392396B966006F37BD /* FormatCell.swift in Sources */ = {isa = PBXBuildFile; fileRef = FA09D5382396B966006F37BD /* FormatCell.swift */; };
		FA09D53B2396BFE8006F37BD /* DisclosureButton.swift in Sources */ = {isa = PBXBuildFile; fileRef = FA09D53A2396BFE8006F37BD /* DisclosureButton.swift */; };
		FA09D53E239BF1D3006F37BD /* SearchViewController.swift in Sources */ = {isa = PBXBuildFile; fileRef = FA09D53D239BF1D3006F37BD /* SearchViewController.swift */; };
		FA09D540239BF26E006F37BD /* UITextfield+Style.swift in Sources */ = {isa = PBXBuildFile; fileRef = FA09D53F239BF26E006F37BD /* UITextfield+Style.swift */; };
		FA177E9724028ABB00AF1BF6 /* DefaultStyle.swift in Sources */ = {isa = PBXBuildFile; fileRef = FA177E9624028ABB00AF1BF6 /* DefaultStyle.swift */; };
		FA5BC2E423DC15C2000CFD9D /* AppInfoViewController.swift in Sources */ = {isa = PBXBuildFile; fileRef = FA5BC2E323DC15C2000CFD9D /* AppInfoViewController.swift */; };
		FA5BC2E623DC16FC000CFD9D /* CustomTextView.swift in Sources */ = {isa = PBXBuildFile; fileRef = FA5BC2E523DC16FC000CFD9D /* CustomTextView.swift */; };
		FA5BC2E823DC1772000CFD9D /* UITextView+Extension.swift in Sources */ = {isa = PBXBuildFile; fileRef = FA5BC2E723DC1772000CFD9D /* UITextView+Extension.swift */; };
		FA6C3B16232D841D000E1C87 /* TracklistViewController.swift in Sources */ = {isa = PBXBuildFile; fileRef = FA6C3B15232D841D000E1C87 /* TracklistViewController.swift */; };
		FA6C3B19232D8B55000E1C87 /* TrackCell.swift in Sources */ = {isa = PBXBuildFile; fileRef = FA6C3B18232D8B55000E1C87 /* TrackCell.swift */; };
		FAA41DE923251549008BA317 /* .swiftlint.yml in Resources */ = {isa = PBXBuildFile; fileRef = FAA41DE823251549008BA317 /* .swiftlint.yml */; };
		FAD03CC4232CF9C30067E2D9 /* ActionSheetOption.swift in Sources */ = {isa = PBXBuildFile; fileRef = FAD03CC3232CF9C30067E2D9 /* ActionSheetOption.swift */; };
		FAD03CC6232CFA880067E2D9 /* CustomActionSheetViewController.swift in Sources */ = {isa = PBXBuildFile; fileRef = FAD03CC5232CFA880067E2D9 /* CustomActionSheetViewController.swift */; };
		FAD03CC9232CFAE60067E2D9 /* DynamicTableView.swift in Sources */ = {isa = PBXBuildFile; fileRef = FAD03CC8232CFAE60067E2D9 /* DynamicTableView.swift */; };
		FAD03CCB232CFBA50067E2D9 /* CustomActionSheetHeader.swift in Sources */ = {isa = PBXBuildFile; fileRef = FAD03CCA232CFBA50067E2D9 /* CustomActionSheetHeader.swift */; };
		FAD03CCD232CFE310067E2D9 /* CustomActionSheetCell.swift in Sources */ = {isa = PBXBuildFile; fileRef = FAD03CCC232CFE310067E2D9 /* CustomActionSheetCell.swift */; };
		FAD03CD0232D048D0067E2D9 /* Observable+Nil.swift in Sources */ = {isa = PBXBuildFile; fileRef = FAD03CCF232D048D0067E2D9 /* Observable+Nil.swift */; };
		FAD03CD2232D08EC0067E2D9 /* ArtistViewController.swift in Sources */ = {isa = PBXBuildFile; fileRef = FAD03CD1232D08EC0067E2D9 /* ArtistViewController.swift */; };
		FAD03CD4232D0D5B0067E2D9 /* Artist.swift in Sources */ = {isa = PBXBuildFile; fileRef = FAD03CD3232D0D5B0067E2D9 /* Artist.swift */; };
		FAD03CD6232D0E460067E2D9 /* ArtistDetail.swift in Sources */ = {isa = PBXBuildFile; fileRef = FAD03CD5232D0E460067E2D9 /* ArtistDetail.swift */; };
		FAD03CD8232D61CC0067E2D9 /* Extension+UIImageView.swift in Sources */ = {isa = PBXBuildFile; fileRef = FAD03CD7232D61CC0067E2D9 /* Extension+UIImageView.swift */; };
/* End PBXBuildFile section */

/* Begin PBXContainerItemProxy section */
		813E835622E441450057F0E6 /* PBXContainerItemProxy */ = {
			isa = PBXContainerItemProxy;
			containerPortal = 813E833922E441430057F0E6 /* Project object */;
			proxyType = 1;
			remoteGlobalIDString = 813E834022E441430057F0E6;
			remoteInfo = Vinyler;
		};
/* End PBXContainerItemProxy section */

/* Begin PBXFileReference section */
		1D325D819B644E5183B9E965 /* Pods-Vinyler.debug.xcconfig */ = {isa = PBXFileReference; includeInIndex = 1; lastKnownFileType = text.xcconfig; name = "Pods-Vinyler.debug.xcconfig"; path = "Target Support Files/Pods-Vinyler/Pods-Vinyler.debug.xcconfig"; sourceTree = "<group>"; };
		1FA5FAE4965595FBC4B7B9A1 /* Pods-Vinyler-VinylerTests.debug.xcconfig */ = {isa = PBXFileReference; includeInIndex = 1; lastKnownFileType = text.xcconfig; name = "Pods-Vinyler-VinylerTests.debug.xcconfig"; path = "Target Support Files/Pods-Vinyler-VinylerTests/Pods-Vinyler-VinylerTests.debug.xcconfig"; sourceTree = "<group>"; };
		231E94EE65C965FDC9D225DE /* Pods_Vinyler.framework */ = {isa = PBXFileReference; explicitFileType = wrapper.framework; includeInIndex = 0; path = Pods_Vinyler.framework; sourceTree = BUILT_PRODUCTS_DIR; };
		34C2B420B7F0818BA4802C18 /* Pods_Vinyler_VinylerTests.framework */ = {isa = PBXFileReference; explicitFileType = wrapper.framework; includeInIndex = 0; path = Pods_Vinyler_VinylerTests.framework; sourceTree = BUILT_PRODUCTS_DIR; };
		38076B522DB8DF2C0032C439 /* ArtistViewModel.swift */ = {isa = PBXFileReference; lastKnownFileType = sourcecode.swift; path = ArtistViewModel.swift; sourceTree = "<group>"; };
		3811FA142DB142370028FEC9 /* SearchViewModel.swift */ = {isa = PBXFileReference; lastKnownFileType = sourcecode.swift; path = SearchViewModel.swift; sourceTree = "<group>"; };
		3811FA162DB144810028FEC9 /* ScanViewModel.swift */ = {isa = PBXFileReference; lastKnownFileType = sourcecode.swift; path = ScanViewModel.swift; sourceTree = "<group>"; };
		3850AEA62DBA0AF70052BFF1 /* MyPageViewModel.swift */ = {isa = PBXFileReference; lastKnownFileType = sourcecode.swift; path = MyPageViewModel.swift; sourceTree = "<group>"; };
		3850AEA82DBA0B490052BFF1 /* MyPageViewController.swift */ = {isa = PBXFileReference; lastKnownFileType = sourcecode.swift; path = MyPageViewController.swift; sourceTree = "<group>"; };
		3850AEAA2DBA1E110052BFF1 /* Menu.swift */ = {isa = PBXFileReference; lastKnownFileType = sourcecode.swift; path = Menu.swift; sourceTree = "<group>"; };
		3850AEAC2DBA1E510052BFF1 /* MenuCell.swift */ = {isa = PBXFileReference; lastKnownFileType = sourcecode.swift; path = MenuCell.swift; sourceTree = "<group>"; };
		386197D32DF86DA40088173A /* ReviewCell.swift */ = {isa = PBXFileReference; lastKnownFileType = sourcecode.swift; path = ReviewCell.swift; sourceTree = "<group>"; };
		387035202698B6A60049777F /* HomeViewController.swift */ = {isa = PBXFileReference; lastKnownFileType = sourcecode.swift; path = HomeViewController.swift; sourceTree = "<group>"; };
		3870352F2698BA880049777F /* HoltwoodOneSC-Regular.otf */ = {isa = PBXFileReference; lastKnownFileType = file; path = "HoltwoodOneSC-Regular.otf"; sourceTree = "<group>"; };
		3876F78A2D92DD8F000B29C5 /* LoginViewModel.swift */ = {isa = PBXFileReference; lastKnownFileType = sourcecode.swift; path = LoginViewModel.swift; sourceTree = "<group>"; };
		3876F78E2D92DE15000B29C5 /* LoginRequest.swift */ = {isa = PBXFileReference; lastKnownFileType = sourcecode.swift; path = LoginRequest.swift; sourceTree = "<group>"; };
		3876F7922D92DF57000B29C5 /* LoginViewController.swift */ = {isa = PBXFileReference; lastKnownFileType = sourcecode.swift; path = LoginViewController.swift; sourceTree = "<group>"; };
		3876F7942D92F069000B29C5 /* AlbumViewModel.swift */ = {isa = PBXFileReference; lastKnownFileType = sourcecode.swift; path = AlbumViewModel.swift; sourceTree = "<group>"; };
		387926412D80776700841CAF /* SignUpViewController.swift */ = {isa = PBXFileReference; lastKnownFileType = sourcecode.swift; path = SignUpViewController.swift; sourceTree = "<group>"; };
		387926432D8077BE00841CAF /* SignUpViewModel.swift */ = {isa = PBXFileReference; lastKnownFileType = sourcecode.swift; path = SignUpViewModel.swift; sourceTree = "<group>"; };
		387926452D8077D700841CAF /* CommonUseCase.swift */ = {isa = PBXFileReference; lastKnownFileType = sourcecode.swift; path = CommonUseCase.swift; sourceTree = "<group>"; };
		3879264C2D80790700841CAF /* SceneCoordinatorType.swift */ = {isa = PBXFileReference; lastKnownFileType = sourcecode.swift; path = SceneCoordinatorType.swift; sourceTree = "<group>"; };
		3879264F2D80792400841CAF /* TargetScene.swift */ = {isa = PBXFileReference; lastKnownFileType = sourcecode.swift; path = TargetScene.swift; sourceTree = "<group>"; };
		387926512D80793F00841CAF /* SceneTransitionType.swift */ = {isa = PBXFileReference; lastKnownFileType = sourcecode.swift; path = SceneTransitionType.swift; sourceTree = "<group>"; };
		387926532D80799200841CAF /* ViewModelBindableType.swift */ = {isa = PBXFileReference; lastKnownFileType = sourcecode.swift; path = ViewModelBindableType.swift; sourceTree = "<group>"; };
		3879265D2D807F0900841CAF /* UserSignUpLoginRepository.swift */ = {isa = PBXFileReference; lastKnownFileType = sourcecode.swift; path = UserSignUpLoginRepository.swift; sourceTree = "<group>"; };
		387926602D8081DC00841CAF /* CommonService.swift */ = {isa = PBXFileReference; lastKnownFileType = sourcecode.swift; path = CommonService.swift; sourceTree = "<group>"; };
		387E38CA2D96E18B003C1920 /* MainViewModel.swift */ = {isa = PBXFileReference; lastKnownFileType = sourcecode.swift; path = MainViewModel.swift; sourceTree = "<group>"; };
		387E38CE2D96E431003C1920 /* LoginResponse.swift */ = {isa = PBXFileReference; lastKnownFileType = sourcecode.swift; path = LoginResponse.swift; sourceTree = "<group>"; };
		38ADA65F2D86F1DA00411B8B /* CustomTextFieldView.swift */ = {isa = PBXFileReference; lastKnownFileType = sourcecode.swift; path = CustomTextFieldView.swift; sourceTree = "<group>"; };
		38ADA6612D87273900411B8B /* SceneCoordinator.swift */ = {isa = PBXFileReference; lastKnownFileType = sourcecode.swift; path = SceneCoordinator.swift; sourceTree = "<group>"; };
		38ADA6632D87278800411B8B /* Extensions+ObservableType.swift */ = {isa = PBXFileReference; lastKnownFileType = sourcecode.swift; path = "Extensions+ObservableType.swift"; sourceTree = "<group>"; };
		38ADA6652D87288200411B8B /* Extensions+UIViewController.swift */ = {isa = PBXFileReference; lastKnownFileType = sourcecode.swift; path = "Extensions+UIViewController.swift"; sourceTree = "<group>"; };
		38BE25302DBE5BF700622B09 /* VinylerRelease.swift */ = {isa = PBXFileReference; lastKnownFileType = sourcecode.swift; path = VinylerRelease.swift; sourceTree = "<group>"; };
		38CDB5B62DB9F38A00D5EAD2 /* TrackListViewModel.swift */ = {isa = PBXFileReference; lastKnownFileType = sourcecode.swift; path = TrackListViewModel.swift; sourceTree = "<group>"; };
		38CF4C372DF80EFC00EDE3A9 /* ReviewView.swift */ = {isa = PBXFileReference; lastKnownFileType = sourcecode.swift; path = ReviewView.swift; sourceTree = "<group>"; };
		38D4EBBD2DBA84410028F11C /* LikedListViewController.swift */ = {isa = PBXFileReference; lastKnownFileType = sourcecode.swift; path = LikedListViewController.swift; sourceTree = "<group>"; };
		38D4EBBF2DBA84840028F11C /* LikedListViewModel.swift */ = {isa = PBXFileReference; lastKnownFileType = sourcecode.swift; path = LikedListViewModel.swift; sourceTree = "<group>"; };
		38D4EBC32DBA86880028F11C /* LikeCell.swift */ = {isa = PBXFileReference; lastKnownFileType = sourcecode.swift; path = LikeCell.swift; sourceTree = "<group>"; };
		38DB0B822D97FE9800E73893 /* AuthManager.swift */ = {isa = PBXFileReference; lastKnownFileType = sourcecode.swift; path = AuthManager.swift; sourceTree = "<group>"; };
		38DBC2EF2D7F2DB600E444A1 /* TestResponse.swift */ = {isa = PBXFileReference; lastKnownFileType = sourcecode.swift; path = TestResponse.swift; sourceTree = "<group>"; };
		38DBC2F12D7F2DCD00E444A1 /* TestRequest.swift */ = {isa = PBXFileReference; lastKnownFileType = sourcecode.swift; path = TestRequest.swift; sourceTree = "<group>"; };
		38DBC2F32D7F2F9600E444A1 /* JSONSerializer.swift */ = {isa = PBXFileReference; lastKnownFileType = sourcecode.swift; path = JSONSerializer.swift; sourceTree = "<group>"; };
		38DBC2F52D7F313D00E444A1 /* Extensions+String.swift */ = {isa = PBXFileReference; lastKnownFileType = sourcecode.swift; path = "Extensions+String.swift"; sourceTree = "<group>"; };
		38DBC2F72D7F33F600E444A1 /* APIClient.swift */ = {isa = PBXFileReference; lastKnownFileType = sourcecode.swift; path = APIClient.swift; sourceTree = "<group>"; };
		38DBC2F92D7F36D600E444A1 /* APIEndPoint.swift */ = {isa = PBXFileReference; lastKnownFileType = sourcecode.swift; path = APIEndPoint.swift; sourceTree = "<group>"; };
		38DBC2FE2D7F381A00E444A1 /* NetworkError.swift */ = {isa = PBXFileReference; lastKnownFileType = sourcecode.swift; path = NetworkError.swift; sourceTree = "<group>"; };
		38DC17652D9D61630026811D /* VinylUseCase.swift */ = {isa = PBXFileReference; lastKnownFileType = sourcecode.swift; path = VinylUseCase.swift; sourceTree = "<group>"; };
		38DC17672D9D61B00026811D /* LikeRequest.swift */ = {isa = PBXFileReference; lastKnownFileType = sourcecode.swift; path = LikeRequest.swift; sourceTree = "<group>"; };
		38DC17692D9D68920026811D /* VinylRepository.swift */ = {isa = PBXFileReference; lastKnownFileType = sourcecode.swift; path = VinylRepository.swift; sourceTree = "<group>"; };
		38DC176B2D9D69250026811D /* VinylService.swift */ = {isa = PBXFileReference; lastKnownFileType = sourcecode.swift; path = VinylService.swift; sourceTree = "<group>"; };
		38DC2D7F2D9E7E500023F6F3 /* VinylLikeResponse.swift */ = {isa = PBXFileReference; lastKnownFileType = sourcecode.swift; path = VinylLikeResponse.swift; sourceTree = "<group>"; };
		38DC2D812D9E81310023F6F3 /* LoadingViewModel.swift */ = {isa = PBXFileReference; lastKnownFileType = sourcecode.swift; path = LoadingViewModel.swift; sourceTree = "<group>"; };
		38E297B82DBD36F10038C505 /* UserUseCase.swift */ = {isa = PBXFileReference; lastKnownFileType = sourcecode.swift; path = UserUseCase.swift; sourceTree = "<group>"; };
		38E297BA2DBD373B0038C505 /* UserRepository.swift */ = {isa = PBXFileReference; lastKnownFileType = sourcecode.swift; path = UserRepository.swift; sourceTree = "<group>"; };
		38E297BC2DBD37910038C505 /* UserService.swift */ = {isa = PBXFileReference; lastKnownFileType = sourcecode.swift; path = UserService.swift; sourceTree = "<group>"; };
		38FB99F72D9025D700993111 /* SignUpRequest.swift */ = {isa = PBXFileReference; lastKnownFileType = sourcecode.swift; path = SignUpRequest.swift; sourceTree = "<group>"; };
		452A1F7E64D181461B38967D /* Pods-Vinyler.release.xcconfig */ = {isa = PBXFileReference; includeInIndex = 1; lastKnownFileType = text.xcconfig; name = "Pods-Vinyler.release.xcconfig"; path = "Target Support Files/Pods-Vinyler/Pods-Vinyler.release.xcconfig"; sourceTree = "<group>"; };
		7D18847826EEFFF100AE8815 /* Constants.swift */ = {isa = PBXFileReference; lastKnownFileType = sourcecode.swift; path = Constants.swift; sourceTree = "<group>"; };
		7D6BFAA226F4208900BAF902 /* Prod.xcconfig */ = {isa = PBXFileReference; lastKnownFileType = text.xcconfig; path = Prod.xcconfig; sourceTree = "<group>"; };
		7DB537E923C8161F00BAA6C5 /* IntroductionViewcontroller.swift */ = {isa = PBXFileReference; lastKnownFileType = sourcecode.swift; path = IntroductionViewcontroller.swift; sourceTree = "<group>"; };
		7DE9D78823F27F9B007A9CC3 /* loading.json */ = {isa = PBXFileReference; fileEncoding = 4; lastKnownFileType = text.json; path = loading.json; sourceTree = "<group>"; };
		7DEDB63023AB1633007287B8 /* AnimationView+Style.swift */ = {isa = PBXFileReference; lastKnownFileType = sourcecode.swift; path = "AnimationView+Style.swift"; sourceTree = "<group>"; };
		7DEDB63223AB23F1007287B8 /* fluttering.json */ = {isa = PBXFileReference; fileEncoding = 4; lastKnownFileType = text.json; path = fluttering.json; sourceTree = "<group>"; };
		813E834122E441430057F0E6 /* Vinyler.app */ = {isa = PBXFileReference; explicitFileType = wrapper.application; includeInIndex = 0; path = Vinyler.app; sourceTree = BUILT_PRODUCTS_DIR; };
		813E834422E441430057F0E6 /* AppDelegate.swift */ = {isa = PBXFileReference; lastKnownFileType = sourcecode.swift; path = AppDelegate.swift; sourceTree = "<group>"; };
		813E834E22E441450057F0E6 /* Base */ = {isa = PBXFileReference; lastKnownFileType = file.storyboard; name = Base; path = Base.lproj/LaunchScreen.storyboard; sourceTree = "<group>"; };
		813E835022E441450057F0E6 /* Info.plist */ = {isa = PBXFileReference; lastKnownFileType = text.plist.xml; path = Info.plist; sourceTree = "<group>"; };
		813E835522E441450057F0E6 /* VinylerTests.xctest */ = {isa = PBXFileReference; explicitFileType = wrapper.cfbundle; includeInIndex = 0; path = VinylerTests.xctest; sourceTree = BUILT_PRODUCTS_DIR; };
		813E835922E441450057F0E6 /* VinylerTests.swift */ = {isa = PBXFileReference; lastKnownFileType = sourcecode.swift; path = VinylerTests.swift; sourceTree = "<group>"; };
		813E835B22E441450057F0E6 /* Info.plist */ = {isa = PBXFileReference; lastKnownFileType = text.plist.xml; path = Info.plist; sourceTree = "<group>"; };
		813E836522E441830057F0E6 /* MainViewController.swift */ = {isa = PBXFileReference; lastKnownFileType = sourcecode.swift; path = MainViewController.swift; sourceTree = "<group>"; };
		813E836F22E446CE0057F0E6 /* UIButton+Style.swift */ = {isa = PBXFileReference; lastKnownFileType = sourcecode.swift; path = "UIButton+Style.swift"; sourceTree = "<group>"; };
		813E837122E449310057F0E6 /* UIColor+Style.swift */ = {isa = PBXFileReference; lastKnownFileType = sourcecode.swift; path = "UIColor+Style.swift"; sourceTree = "<group>"; };
		813E837422E450D30057F0E6 /* DiscogsAPI.swift */ = {isa = PBXFileReference; lastKnownFileType = sourcecode.swift; path = DiscogsAPI.swift; sourceTree = "<group>"; };
		813E837622E45CEC0057F0E6 /* Results.swift */ = {isa = PBXFileReference; lastKnownFileType = sourcecode.swift; path = Results.swift; sourceTree = "<group>"; };
		813E837822E467090057F0E6 /* UIFont+Style.swift */ = {isa = PBXFileReference; lastKnownFileType = sourcecode.swift; path = "UIFont+Style.swift"; sourceTree = "<group>"; };
		813E837A22E4676F0057F0E6 /* UILabel+Style.swift */ = {isa = PBXFileReference; lastKnownFileType = sourcecode.swift; path = "UILabel+Style.swift"; sourceTree = "<group>"; };
		813E837C22E468410057F0E6 /* Release.swift */ = {isa = PBXFileReference; lastKnownFileType = sourcecode.swift; path = Release.swift; sourceTree = "<group>"; };
		813E837E22E46BAA0057F0E6 /* TrackList.swift */ = {isa = PBXFileReference; lastKnownFileType = sourcecode.swift; path = TrackList.swift; sourceTree = "<group>"; };
		813E838022E46C550057F0E6 /* Videos.swift */ = {isa = PBXFileReference; lastKnownFileType = sourcecode.swift; path = Videos.swift; sourceTree = "<group>"; };
		813E838222E46D2D0057F0E6 /* Image.swift */ = {isa = PBXFileReference; lastKnownFileType = sourcecode.swift; path = Image.swift; sourceTree = "<group>"; };
		813E838422E46E260057F0E6 /* Format.swift */ = {isa = PBXFileReference; lastKnownFileType = sourcecode.swift; path = Format.swift; sourceTree = "<group>"; };
		814B06A223040D3A0062906D /* String+Assets.swift */ = {isa = PBXFileReference; lastKnownFileType = sourcecode.swift; path = "String+Assets.swift"; sourceTree = "<group>"; };
		814B06A723055C220062906D /* UIView+Exntension.swift */ = {isa = PBXFileReference; lastKnownFileType = sourcecode.swift; path = "UIView+Exntension.swift"; sourceTree = "<group>"; };
		814B06AA230584680062906D /* NavigationControllerDelegate.swift */ = {isa = PBXFileReference; lastKnownFileType = sourcecode.swift; path = NavigationControllerDelegate.swift; sourceTree = "<group>"; };
		814B06AC230584990062906D /* NavigationController.swift */ = {isa = PBXFileReference; lastKnownFileType = sourcecode.swift; path = NavigationController.swift; sourceTree = "<group>"; };
		814B06AF230584D50062906D /* ScanViewController.swift */ = {isa = PBXFileReference; lastKnownFileType = sourcecode.swift; path = ScanViewController.swift; sourceTree = "<group>"; };
		817B25D523059434003DF85D /* UIImage+Assets.swift */ = {isa = PBXFileReference; lastKnownFileType = sourcecode.swift; path = "UIImage+Assets.swift"; sourceTree = "<group>"; };
		817B25D7230966E8003DF85D /* RxAVCaptureMetadataOutputObjectsDelegate.swift */ = {isa = PBXFileReference; lastKnownFileType = sourcecode.swift; path = RxAVCaptureMetadataOutputObjectsDelegate.swift; sourceTree = "<group>"; };
		817B25D9230970CB003DF85D /* PreviewView.swift */ = {isa = PBXFileReference; lastKnownFileType = sourcecode.swift; path = PreviewView.swift; sourceTree = "<group>"; };
		817B25DB23097108003DF85D /* CameraTargetView.swift */ = {isa = PBXFileReference; lastKnownFileType = sourcecode.swift; path = CameraTargetView.swift; sourceTree = "<group>"; };
		817B25DE230978EE003DF85D /* PresentLoadingAnimationController.swift */ = {isa = PBXFileReference; lastKnownFileType = sourcecode.swift; path = PresentLoadingAnimationController.swift; sourceTree = "<group>"; };
		817B25E02309791D003DF85D /* LoadingViewController.swift */ = {isa = PBXFileReference; lastKnownFileType = sourcecode.swift; path = LoadingViewController.swift; sourceTree = "<group>"; };
		817B25E323097BB4003DF85D /* ActivityIndicatorView.swift */ = {isa = PBXFileReference; lastKnownFileType = sourcecode.swift; path = ActivityIndicatorView.swift; sourceTree = "<group>"; };
		817B262B2315166B003DF85D /* AlbumViewController.swift */ = {isa = PBXFileReference; lastKnownFileType = sourcecode.swift; path = AlbumViewController.swift; sourceTree = "<group>"; };
		817B262D23151881003DF85D /* UIViewController+Rx.swift */ = {isa = PBXFileReference; lastKnownFileType = sourcecode.swift; path = "UIViewController+Rx.swift"; sourceTree = "<group>"; };
		817B262F23152389003DF85D /* ObservableType+Void.swift */ = {isa = PBXFileReference; lastKnownFileType = sourcecode.swift; path = "ObservableType+Void.swift"; sourceTree = "<group>"; };
		817B26312315379B003DF85D /* Assets.xcassets */ = {isa = PBXFileReference; lastKnownFileType = folder.assetcatalog; path = Assets.xcassets; sourceTree = "<group>"; };
		817B263323153FC7003DF85D /* UITapGestureRecognizer+UILabel.swift */ = {isa = PBXFileReference; lastKnownFileType = sourcecode.swift; path = "UITapGestureRecognizer+UILabel.swift"; sourceTree = "<group>"; };
		81F46D7B231A7263002CAC44 /* FormatsCollectionView.swift */ = {isa = PBXFileReference; lastKnownFileType = sourcecode.swift; path = FormatsCollectionView.swift; sourceTree = "<group>"; };
		BDA55F981269D61C40E7CBCF /* Pods-Vinyler-VinylerTests.release.xcconfig */ = {isa = PBXFileReference; includeInIndex = 1; lastKnownFileType = text.xcconfig; name = "Pods-Vinyler-VinylerTests.release.xcconfig"; path = "Target Support Files/Pods-Vinyler-VinylerTests/Pods-Vinyler-VinylerTests.release.xcconfig"; sourceTree = "<group>"; };
		FA050CF7239BFAA70067D32C /* SearchCell.swift */ = {isa = PBXFileReference; lastKnownFileType = sourcecode.swift; path = SearchCell.swift; sourceTree = "<group>"; };
		FA09D5382396B966006F37BD /* FormatCell.swift */ = {isa = PBXFileReference; lastKnownFileType = sourcecode.swift; path = FormatCell.swift; sourceTree = "<group>"; };
		FA09D53A2396BFE8006F37BD /* DisclosureButton.swift */ = {isa = PBXFileReference; lastKnownFileType = sourcecode.swift; path = DisclosureButton.swift; sourceTree = "<group>"; };
		FA09D53D239BF1D3006F37BD /* SearchViewController.swift */ = {isa = PBXFileReference; lastKnownFileType = sourcecode.swift; path = SearchViewController.swift; sourceTree = "<group>"; };
		FA09D53F239BF26E006F37BD /* UITextfield+Style.swift */ = {isa = PBXFileReference; lastKnownFileType = sourcecode.swift; path = "UITextfield+Style.swift"; sourceTree = "<group>"; };
		FA177E9624028ABB00AF1BF6 /* DefaultStyle.swift */ = {isa = PBXFileReference; lastKnownFileType = sourcecode.swift; path = DefaultStyle.swift; sourceTree = "<group>"; };
		FA5BC2E323DC15C2000CFD9D /* AppInfoViewController.swift */ = {isa = PBXFileReference; lastKnownFileType = sourcecode.swift; path = AppInfoViewController.swift; sourceTree = "<group>"; };
		FA5BC2E523DC16FC000CFD9D /* CustomTextView.swift */ = {isa = PBXFileReference; lastKnownFileType = sourcecode.swift; path = CustomTextView.swift; sourceTree = "<group>"; };
		FA5BC2E723DC1772000CFD9D /* UITextView+Extension.swift */ = {isa = PBXFileReference; lastKnownFileType = sourcecode.swift; path = "UITextView+Extension.swift"; sourceTree = "<group>"; };
		FA6C3B15232D841D000E1C87 /* TracklistViewController.swift */ = {isa = PBXFileReference; lastKnownFileType = sourcecode.swift; path = TracklistViewController.swift; sourceTree = "<group>"; };
		FA6C3B18232D8B55000E1C87 /* TrackCell.swift */ = {isa = PBXFileReference; lastKnownFileType = sourcecode.swift; path = TrackCell.swift; sourceTree = "<group>"; };
		FAA41DE823251549008BA317 /* .swiftlint.yml */ = {isa = PBXFileReference; lastKnownFileType = text; path = .swiftlint.yml; sourceTree = "<group>"; };
		FAD03CC3232CF9C30067E2D9 /* ActionSheetOption.swift */ = {isa = PBXFileReference; lastKnownFileType = sourcecode.swift; path = ActionSheetOption.swift; sourceTree = "<group>"; };
		FAD03CC5232CFA880067E2D9 /* CustomActionSheetViewController.swift */ = {isa = PBXFileReference; lastKnownFileType = sourcecode.swift; path = CustomActionSheetViewController.swift; sourceTree = "<group>"; };
		FAD03CC8232CFAE60067E2D9 /* DynamicTableView.swift */ = {isa = PBXFileReference; lastKnownFileType = sourcecode.swift; path = DynamicTableView.swift; sourceTree = "<group>"; };
		FAD03CCA232CFBA50067E2D9 /* CustomActionSheetHeader.swift */ = {isa = PBXFileReference; lastKnownFileType = sourcecode.swift; path = CustomActionSheetHeader.swift; sourceTree = "<group>"; };
		FAD03CCC232CFE310067E2D9 /* CustomActionSheetCell.swift */ = {isa = PBXFileReference; lastKnownFileType = sourcecode.swift; path = CustomActionSheetCell.swift; sourceTree = "<group>"; };
		FAD03CCF232D048D0067E2D9 /* Observable+Nil.swift */ = {isa = PBXFileReference; lastKnownFileType = sourcecode.swift; path = "Observable+Nil.swift"; sourceTree = "<group>"; };
		FAD03CD1232D08EC0067E2D9 /* ArtistViewController.swift */ = {isa = PBXFileReference; lastKnownFileType = sourcecode.swift; path = ArtistViewController.swift; sourceTree = "<group>"; };
		FAD03CD3232D0D5B0067E2D9 /* Artist.swift */ = {isa = PBXFileReference; lastKnownFileType = sourcecode.swift; path = Artist.swift; sourceTree = "<group>"; };
		FAD03CD5232D0E460067E2D9 /* ArtistDetail.swift */ = {isa = PBXFileReference; lastKnownFileType = sourcecode.swift; path = ArtistDetail.swift; sourceTree = "<group>"; };
		FAD03CD7232D61CC0067E2D9 /* Extension+UIImageView.swift */ = {isa = PBXFileReference; lastKnownFileType = sourcecode.swift; path = "Extension+UIImageView.swift"; sourceTree = "<group>"; };
/* End PBXFileReference section */

/* Begin PBXFrameworksBuildPhase section */
		813E833E22E441430057F0E6 /* Frameworks */ = {
			isa = PBXFrameworksBuildPhase;
			buildActionMask = 2147483647;
			files = (
				1A35C6520698B69C0C0FA1D1 /* Pods_Vinyler.framework in Frameworks */,
			);
			runOnlyForDeploymentPostprocessing = 0;
		};
		813E835222E441450057F0E6 /* Frameworks */ = {
			isa = PBXFrameworksBuildPhase;
			buildActionMask = 2147483647;
			files = (
				5753D83AE30CAB86E825B19E /* Pods_Vinyler_VinylerTests.framework in Frameworks */,
			);
			runOnlyForDeploymentPostprocessing = 0;
		};
/* End PBXFrameworksBuildPhase section */

/* Begin PBXGroup section */
		3879263D2D80770B00841CAF /* ViewModel */ = {
			isa = PBXGroup;
			children = (
				387926402D80775500841CAF /* Common */,
				3876F7942D92F069000B29C5 /* AlbumViewModel.swift */,
				38DC2D812D9E81310023F6F3 /* LoadingViewModel.swift */,
				3811FA142DB142370028FEC9 /* SearchViewModel.swift */,
				3811FA162DB144810028FEC9 /* ScanViewModel.swift */,
				38076B522DB8DF2C0032C439 /* ArtistViewModel.swift */,
				38CDB5B62DB9F38A00D5EAD2 /* TrackListViewModel.swift */,
			);
			path = ViewModel;
			sourceTree = "<group>";
		};
		3879263F2D80774400841CAF /* Common */ = {
			isa = PBXGroup;
			children = (
				387926412D80776700841CAF /* SignUpViewController.swift */,
				3876F7922D92DF57000B29C5 /* LoginViewController.swift */,
				3850AEA82DBA0B490052BFF1 /* MyPageViewController.swift */,
				38D4EBBD2DBA84410028F11C /* LikedListViewController.swift */,
			);
			path = Common;
			sourceTree = "<group>";
		};
		387926402D80775500841CAF /* Common */ = {
			isa = PBXGroup;
			children = (
				387926432D8077BE00841CAF /* SignUpViewModel.swift */,
				3876F78A2D92DD8F000B29C5 /* LoginViewModel.swift */,
				387E38CA2D96E18B003C1920 /* MainViewModel.swift */,
				3850AEA62DBA0AF70052BFF1 /* MyPageViewModel.swift */,
				38D4EBBF2DBA84840028F11C /* LikedListViewModel.swift */,
			);
			path = Common;
			sourceTree = "<group>";
		};
		387926472D8077E600841CAF /* Common */ = {
			isa = PBXGroup;
			children = (
				387926452D8077D700841CAF /* CommonUseCase.swift */,
			);
			path = Common;
			sourceTree = "<group>";
		};
		3879264B2D80790300841CAF /* Coordinator */ = {
			isa = PBXGroup;
			children = (
				3879264E2D80791D00841CAF /* Scene */,
				3879264C2D80790700841CAF /* SceneCoordinatorType.swift */,
			);
			path = Coordinator;
			sourceTree = "<group>";
		};
		3879264E2D80791D00841CAF /* Scene */ = {
			isa = PBXGroup;
			children = (
				3879264F2D80792400841CAF /* TargetScene.swift */,
				387926512D80793F00841CAF /* SceneTransitionType.swift */,
				38ADA6612D87273900411B8B /* SceneCoordinator.swift */,
			);
			path = Scene;
			sourceTree = "<group>";
		};
		387926552D807D0500841CAF /* Repository */ = {
			isa = PBXGroup;
			children = (
				3879265D2D807F0900841CAF /* UserSignUpLoginRepository.swift */,
				38DC17692D9D68920026811D /* VinylRepository.swift */,
				38E297BA2DBD373B0038C505 /* UserRepository.swift */,
			);
			path = Repository;
			sourceTree = "<group>";
		};
		3879265F2D8081AC00841CAF /* Service */ = {
			isa = PBXGroup;
			children = (
				38DC176B2D9D69250026811D /* VinylService.swift */,
				387926602D8081DC00841CAF /* CommonService.swift */,
				38E297BC2DBD37910038C505 /* UserService.swift */,
			);
			path = Service;
			sourceTree = "<group>";
		};
		38DBC2E62D7F2D2D00E444A1 /* Networking */ = {
			isa = PBXGroup;
			children = (
				38DBC2EC2D7F2D8200E444A1 /* Response */,
				38DBC2EB2D7F2D7D00E444A1 /* Request */,
				38DBC2EA2D7F2D7400E444A1 /* Error */,
				38DBC2E92D7F2D6000E444A1 /* Global */,
				38DBC2F72D7F33F600E444A1 /* APIClient.swift */,
				38DBC2F92D7F36D600E444A1 /* APIEndPoint.swift */,
				38DB0B822D97FE9800E73893 /* AuthManager.swift */,
			);
			path = Networking;
			sourceTree = "<group>";
		};
		38DBC2E92D7F2D6000E444A1 /* Global */ = {
			isa = PBXGroup;
			children = (
			);
			path = Global;
			sourceTree = "<group>";
		};
		38DBC2EA2D7F2D7400E444A1 /* Error */ = {
			isa = PBXGroup;
			children = (
				38DBC2FE2D7F381A00E444A1 /* NetworkError.swift */,
			);
			path = Error;
			sourceTree = "<group>";
		};
		38DBC2EB2D7F2D7D00E444A1 /* Request */ = {
			isa = PBXGroup;
			children = (
				38DBC2F12D7F2DCD00E444A1 /* TestRequest.swift */,
				38FB99F72D9025D700993111 /* SignUpRequest.swift */,
				38DC17672D9D61B00026811D /* LikeRequest.swift */,
				3876F78E2D92DE15000B29C5 /* LoginRequest.swift */,
			);
			path = Request;
			sourceTree = "<group>";
		};
		38DBC2EC2D7F2D8200E444A1 /* Response */ = {
			isa = PBXGroup;
			children = (
				38DBC2EF2D7F2DB600E444A1 /* TestResponse.swift */,
				387E38CE2D96E431003C1920 /* LoginResponse.swift */,
				38DC2D7F2D9E7E500023F6F3 /* VinylLikeResponse.swift */,
			);
			path = Response;
			sourceTree = "<group>";
		};
		38DBC2FB2D7F370700E444A1 /* Usecase */ = {
			isa = PBXGroup;
			children = (
				387926472D8077E600841CAF /* Common */,
				38DC17652D9D61630026811D /* VinylUseCase.swift */,
				38E297B82DBD36F10038C505 /* UserUseCase.swift */,
			);
			path = Usecase;
			sourceTree = "<group>";
		};
		7D18847726EEFFEB00AE8815 /* Common */ = {
			isa = PBXGroup;
			children = (
				7D18847826EEFFF100AE8815 /* Constants.swift */,
			);
			path = Common;
			sourceTree = "<group>";
		};
		7D4872BF23E1190F000D6D49 /* Recovered References */ = {
			isa = PBXGroup;
			children = (
				7DB537E923C8161F00BAA6C5 /* IntroductionViewcontroller.swift */,
			);
			name = "Recovered References";
			sourceTree = "<group>";
		};
		813E833822E441430057F0E6 = {
			isa = PBXGroup;
			children = (
				7D6BFAA226F4208900BAF902 /* Prod.xcconfig */,
				FAA41DE823251549008BA317 /* .swiftlint.yml */,
				813E834322E441430057F0E6 /* Vinyler */,
				813E835822E441450057F0E6 /* VinylerTests */,
				813E834222E441430057F0E6 /* Products */,
				CD87E881C4C1DBBAFD0975B8 /* Pods */,
				7D4872BF23E1190F000D6D49 /* Recovered References */,
				CEB739514C1D101BF0EF6445 /* Frameworks */,
			);
			sourceTree = "<group>";
		};
		813E834222E441430057F0E6 /* Products */ = {
			isa = PBXGroup;
			children = (
				813E834122E441430057F0E6 /* Vinyler.app */,
				813E835522E441450057F0E6 /* VinylerTests.xctest */,
			);
			name = Products;
			sourceTree = "<group>";
		};
		813E834322E441430057F0E6 /* Vinyler */ = {
			isa = PBXGroup;
			children = (
				814B06A123040CFC0062906D /* Assets */,
				813E836A22E443C10057F0E6 /* Sources */,
				813E835022E441450057F0E6 /* Info.plist */,
			);
			path = Vinyler;
			sourceTree = "<group>";
		};
		813E835822E441450057F0E6 /* VinylerTests */ = {
			isa = PBXGroup;
			children = (
				813E835922E441450057F0E6 /* VinylerTests.swift */,
				813E835B22E441450057F0E6 /* Info.plist */,
			);
			path = VinylerTests;
			sourceTree = "<group>";
		};
		813E836922E443870057F0E6 /* Entity */ = {
			isa = PBXGroup;
			children = (
				813E837622E45CEC0057F0E6 /* Results.swift */,
				813E837C22E468410057F0E6 /* Release.swift */,
				813E837E22E46BAA0057F0E6 /* TrackList.swift */,
				813E838022E46C550057F0E6 /* Videos.swift */,
				813E838222E46D2D0057F0E6 /* Image.swift */,
				813E838422E46E260057F0E6 /* Format.swift */,
				FAD03CD3232D0D5B0067E2D9 /* Artist.swift */,
				FAD03CD5232D0E460067E2D9 /* ArtistDetail.swift */,
				3850AEAA2DBA1E110052BFF1 /* Menu.swift */,
				38BE25302DBE5BF700622B09 /* VinylerRelease.swift */,
			);
			path = Entity;
			sourceTree = "<group>";
		};
		813E836A22E443C10057F0E6 /* Sources */ = {
			isa = PBXGroup;
			children = (
				3879265F2D8081AC00841CAF /* Service */,
				387926552D807D0500841CAF /* Repository */,
				3879264B2D80790300841CAF /* Coordinator */,
				3879263D2D80770B00841CAF /* ViewModel */,
				38DBC2FB2D7F370700E444A1 /* Usecase */,
				38DBC2E62D7F2D2D00E444A1 /* Networking */,
				7D18847726EEFFEB00AE8815 /* Common */,
				FA6C3B17232D8B4E000E1C87 /* Cells */,
				817B25DD230978E5003DF85D /* Animations */,
				814B06A42304197F0062906D /* Extensions */,
				817B25E223097BA6003DF85D /* Views */,
				FAD03CC2232CF9B00067E2D9 /* ActionSheet */,
				FAD03CCE232D04870067E2D9 /* Helpers */,
				81F46D7A231A724F002CAC44 /* Details */,
				813E834422E441430057F0E6 /* AppDelegate.swift */,
				813E837322E450A20057F0E6 /* Services */,
				813E836E22E446C00057F0E6 /* Style */,
				813E836922E443870057F0E6 /* Entity */,
				813E836B22E444560057F0E6 /* Display */,
				813E836D22E445F30057F0E6 /* Utils */,
			);
			path = Sources;
			sourceTree = "<group>";
		};
		813E836B22E444560057F0E6 /* Display */ = {
			isa = PBXGroup;
			children = (
				3879263F2D80774400841CAF /* Common */,
				FA09D53C239BF1C6006F37BD /* Search */,
				817B262A23151653003DF85D /* Result */,
				814B06AE230584C80062906D /* Scan */,
				814B06A9230584620062906D /* Navigation */,
				813E836C22E444750057F0E6 /* Main */,
				817B25E02309791D003DF85D /* LoadingViewController.swift */,
			);
			path = Display;
			sourceTree = "<group>";
		};
		813E836C22E444750057F0E6 /* Main */ = {
			isa = PBXGroup;
			children = (
				813E836522E441830057F0E6 /* MainViewController.swift */,
				FA5BC2E323DC15C2000CFD9D /* AppInfoViewController.swift */,
				387035202698B6A60049777F /* HomeViewController.swift */,
			);
			path = Main;
			sourceTree = "<group>";
		};
		813E836D22E445F30057F0E6 /* Utils */ = {
			isa = PBXGroup;
			children = (
				817B25D7230966E8003DF85D /* RxAVCaptureMetadataOutputObjectsDelegate.swift */,
			);
			path = Utils;
			sourceTree = "<group>";
		};
		813E836E22E446C00057F0E6 /* Style */ = {
			isa = PBXGroup;
			children = (
				813E836F22E446CE0057F0E6 /* UIButton+Style.swift */,
				813E837122E449310057F0E6 /* UIColor+Style.swift */,
				813E837822E467090057F0E6 /* UIFont+Style.swift */,
				813E837A22E4676F0057F0E6 /* UILabel+Style.swift */,
				FA09D53F239BF26E006F37BD /* UITextfield+Style.swift */,
				7DEDB63023AB1633007287B8 /* AnimationView+Style.swift */,
				FA177E9624028ABB00AF1BF6 /* DefaultStyle.swift */,
			);
			path = Style;
			sourceTree = "<group>";
		};
		813E837322E450A20057F0E6 /* Services */ = {
			isa = PBXGroup;
			children = (
				813E837422E450D30057F0E6 /* DiscogsAPI.swift */,
			);
			path = Services;
			sourceTree = "<group>";
		};
		814B06A123040CFC0062906D /* Assets */ = {
			isa = PBXGroup;
			children = (
				817B26312315379B003DF85D /* Assets.xcassets */,
				3870352F2698BA880049777F /* HoltwoodOneSC-Regular.otf */,
				814B06A223040D3A0062906D /* String+Assets.swift */,
				817B25D523059434003DF85D /* UIImage+Assets.swift */,
				7DEDB63223AB23F1007287B8 /* fluttering.json */,
				7DE9D78823F27F9B007A9CC3 /* loading.json */,
				813E834D22E441450057F0E6 /* LaunchScreen.storyboard */,
			);
			path = Assets;
			sourceTree = "<group>";
		};
		814B06A42304197F0062906D /* Extensions */ = {
			isa = PBXGroup;
			children = (
				814B06A723055C220062906D /* UIView+Exntension.swift */,
				817B262D23151881003DF85D /* UIViewController+Rx.swift */,
				817B262F23152389003DF85D /* ObservableType+Void.swift */,
				817B263323153FC7003DF85D /* UITapGestureRecognizer+UILabel.swift */,
				FAD03CD7232D61CC0067E2D9 /* Extension+UIImageView.swift */,
				FA5BC2E723DC1772000CFD9D /* UITextView+Extension.swift */,
				38DBC2F52D7F313D00E444A1 /* Extensions+String.swift */,
				38ADA6632D87278800411B8B /* Extensions+ObservableType.swift */,
				38ADA6652D87288200411B8B /* Extensions+UIViewController.swift */,
			);
			name = Extensions;
			path = ../Extensions;
			sourceTree = "<group>";
		};
		814B06A9230584620062906D /* Navigation */ = {
			isa = PBXGroup;
			children = (
				814B06AA230584680062906D /* NavigationControllerDelegate.swift */,
				814B06AC230584990062906D /* NavigationController.swift */,
			);
			path = Navigation;
			sourceTree = "<group>";
		};
		814B06AE230584C80062906D /* Scan */ = {
			isa = PBXGroup;
			children = (
				814B06AF230584D50062906D /* ScanViewController.swift */,
				817B25D9230970CB003DF85D /* PreviewView.swift */,
				817B25DB23097108003DF85D /* CameraTargetView.swift */,
			);
			path = Scan;
			sourceTree = "<group>";
		};
		817B25DD230978E5003DF85D /* Animations */ = {
			isa = PBXGroup;
			children = (
				817B25DE230978EE003DF85D /* PresentLoadingAnimationController.swift */,
			);
			name = Animations;
			path = ../Animations;
			sourceTree = "<group>";
		};
		817B25E223097BA6003DF85D /* Views */ = {
			isa = PBXGroup;
			children = (
				817B25E323097BB4003DF85D /* ActivityIndicatorView.swift */,
				FAD03CC8232CFAE60067E2D9 /* DynamicTableView.swift */,
				FA5BC2E523DC16FC000CFD9D /* CustomTextView.swift */,
				38ADA65F2D86F1DA00411B8B /* CustomTextFieldView.swift */,
				38CF4C372DF80EFC00EDE3A9 /* ReviewView.swift */,
			);
			name = Views;
			path = ../Views;
			sourceTree = "<group>";
		};
		817B262A23151653003DF85D /* Result */ = {
			isa = PBXGroup;
			children = (
				817B262B2315166B003DF85D /* AlbumViewController.swift */,
				FAD03CD1232D08EC0067E2D9 /* ArtistViewController.swift */,
				FA6C3B15232D841D000E1C87 /* TracklistViewController.swift */,
			);
			path = Result;
			sourceTree = "<group>";
		};
		81F46D7A231A724F002CAC44 /* Details */ = {
			isa = PBXGroup;
			children = (
				81F46D7B231A7263002CAC44 /* FormatsCollectionView.swift */,
				FA09D53A2396BFE8006F37BD /* DisclosureButton.swift */,
			);
			path = Details;
			sourceTree = "<group>";
		};
		CD87E881C4C1DBBAFD0975B8 /* Pods */ = {
			isa = PBXGroup;
			children = (
				1D325D819B644E5183B9E965 /* Pods-Vinyler.debug.xcconfig */,
				452A1F7E64D181461B38967D /* Pods-Vinyler.release.xcconfig */,
				1FA5FAE4965595FBC4B7B9A1 /* Pods-Vinyler-VinylerTests.debug.xcconfig */,
				BDA55F981269D61C40E7CBCF /* Pods-Vinyler-VinylerTests.release.xcconfig */,
			);
			path = Pods;
			sourceTree = "<group>";
		};
		CEB739514C1D101BF0EF6445 /* Frameworks */ = {
			isa = PBXGroup;
			children = (
				231E94EE65C965FDC9D225DE /* Pods_Vinyler.framework */,
				34C2B420B7F0818BA4802C18 /* Pods_Vinyler_VinylerTests.framework */,
			);
			name = Frameworks;
			sourceTree = "<group>";
		};
		FA09D53C239BF1C6006F37BD /* Search */ = {
			isa = PBXGroup;
			children = (
				FA09D53D239BF1D3006F37BD /* SearchViewController.swift */,
			);
			path = Search;
			sourceTree = "<group>";
		};
		FA6C3B17232D8B4E000E1C87 /* Cells */ = {
			isa = PBXGroup;
			children = (
				FA6C3B18232D8B55000E1C87 /* TrackCell.swift */,
				FA09D5382396B966006F37BD /* FormatCell.swift */,
				FA050CF7239BFAA70067D32C /* SearchCell.swift */,
				3850AEAC2DBA1E510052BFF1 /* MenuCell.swift */,
				38D4EBC32DBA86880028F11C /* LikeCell.swift */,
				386197D32DF86DA40088173A /* ReviewCell.swift */,
			);
			path = Cells;
			sourceTree = "<group>";
		};
		FAD03CC2232CF9B00067E2D9 /* ActionSheet */ = {
			isa = PBXGroup;
			children = (
				FAD03CC3232CF9C30067E2D9 /* ActionSheetOption.swift */,
				FAD03CC5232CFA880067E2D9 /* CustomActionSheetViewController.swift */,
				FAD03CCA232CFBA50067E2D9 /* CustomActionSheetHeader.swift */,
				FAD03CCC232CFE310067E2D9 /* CustomActionSheetCell.swift */,
			);
			name = ActionSheet;
			path = ../ActionSheet;
			sourceTree = "<group>";
		};
		FAD03CCE232D04870067E2D9 /* Helpers */ = {
			isa = PBXGroup;
			children = (
				FAD03CCF232D048D0067E2D9 /* Observable+Nil.swift */,
				38DBC2F32D7F2F9600E444A1 /* JSONSerializer.swift */,
				387926532D80799200841CAF /* ViewModelBindableType.swift */,
			);
			name = Helpers;
			path = ../Helpers;
			sourceTree = "<group>";
		};
/* End PBXGroup section */

/* Begin PBXNativeTarget section */
		813E834022E441430057F0E6 /* Vinyler */ = {
			isa = PBXNativeTarget;
			buildConfigurationList = 813E835E22E441450057F0E6 /* Build configuration list for PBXNativeTarget "Vinyler" */;
			buildPhases = (
				22170B60FE890F84070C75FC /* [CP] Check Pods Manifest.lock */,
				813E833D22E441430057F0E6 /* Sources */,
				813E833E22E441430057F0E6 /* Frameworks */,
				813E833F22E441430057F0E6 /* Resources */,
				FAA41DE7232514E4008BA317 /* ShellScript */,
				3BF494A8362CE5F4DFF824E0 /* [CP] Embed Pods Frameworks */,
				55E5D6AD3EB2CE96B03032D5 /* [CP] Copy Pods Resources */,
			);
			buildRules = (
			);
			dependencies = (
			);
			name = Vinyler;
			productName = Vinyler;
			productReference = 813E834122E441430057F0E6 /* Vinyler.app */;
			productType = "com.apple.product-type.application";
		};
		813E835422E441450057F0E6 /* VinylerTests */ = {
			isa = PBXNativeTarget;
			buildConfigurationList = 813E836122E441450057F0E6 /* Build configuration list for PBXNativeTarget "VinylerTests" */;
			buildPhases = (
				66938EFA91105E7A46474773 /* [CP] Check Pods Manifest.lock */,
				813E835122E441450057F0E6 /* Sources */,
				813E835222E441450057F0E6 /* Frameworks */,
				813E835322E441450057F0E6 /* Resources */,
				34E42F9B4FE0F76FEA4475E2 /* [CP] Embed Pods Frameworks */,
				107EF72F08D1AB511925EC62 /* [CP] Copy Pods Resources */,
			);
			buildRules = (
			);
			dependencies = (
				813E835722E441450057F0E6 /* PBXTargetDependency */,
			);
			name = VinylerTests;
			productName = VinylerTests;
			productReference = 813E835522E441450057F0E6 /* VinylerTests.xctest */;
			productType = "com.apple.product-type.bundle.unit-test";
		};
/* End PBXNativeTarget section */

/* Begin PBXProject section */
		813E833922E441430057F0E6 /* Project object */ = {
			isa = PBXProject;
			attributes = {
				LastSwiftUpdateCheck = 1010;
				LastUpgradeCheck = 1010;
				ORGANIZATIONNAME = "songkyung min";
				TargetAttributes = {
					813E834022E441430057F0E6 = {
						CreatedOnToolsVersion = 10.1;
					};
					813E835422E441450057F0E6 = {
						CreatedOnToolsVersion = 10.1;
						TestTargetID = 813E834022E441430057F0E6;
					};
				};
			};
			buildConfigurationList = 813E833C22E441430057F0E6 /* Build configuration list for PBXProject "Vinyler" */;
			compatibilityVersion = "Xcode 9.3";
			developmentRegion = en;
			hasScannedForEncodings = 0;
			knownRegions = (
				en,
				Base,
			);
			mainGroup = 813E833822E441430057F0E6;
			productRefGroup = 813E834222E441430057F0E6 /* Products */;
			projectDirPath = "";
			projectRoot = "";
			targets = (
				813E834022E441430057F0E6 /* Vinyler */,
				813E835422E441450057F0E6 /* VinylerTests */,
			);
		};
/* End PBXProject section */

/* Begin PBXResourcesBuildPhase section */
		813E833F22E441430057F0E6 /* Resources */ = {
			isa = PBXResourcesBuildPhase;
			buildActionMask = 2147483647;
			files = (
				FAA41DE923251549008BA317 /* .swiftlint.yml in Resources */,
				817B26322315379C003DF85D /* Assets.xcassets in Resources */,
				7DE9D78923F27F9B007A9CC3 /* loading.json in Resources */,
				387035302698BA880049777F /* HoltwoodOneSC-Regular.otf in Resources */,
				7DEDB63323AB23F2007287B8 /* fluttering.json in Resources */,
				813E834F22E441450057F0E6 /* LaunchScreen.storyboard in Resources */,
				7D6BFAA326F4208900BAF902 /* Prod.xcconfig in Resources */,
			);
			runOnlyForDeploymentPostprocessing = 0;
		};
		813E835322E441450057F0E6 /* Resources */ = {
			isa = PBXResourcesBuildPhase;
			buildActionMask = 2147483647;
			files = (
			);
			runOnlyForDeploymentPostprocessing = 0;
		};
/* End PBXResourcesBuildPhase section */

/* Begin PBXShellScriptBuildPhase section */
		107EF72F08D1AB511925EC62 /* [CP] Copy Pods Resources */ = {
			isa = PBXShellScriptBuildPhase;
			buildActionMask = 2147483647;
			files = (
			);
			inputFileListPaths = (
				"${PODS_ROOT}/Target Support Files/Pods-Vinyler-VinylerTests/Pods-Vinyler-VinylerTests-resources-${CONFIGURATION}-input-files.xcfilelist",
			);
			name = "[CP] Copy Pods Resources";
			outputFileListPaths = (
				"${PODS_ROOT}/Target Support Files/Pods-Vinyler-VinylerTests/Pods-Vinyler-VinylerTests-resources-${CONFIGURATION}-output-files.xcfilelist",
			);
			runOnlyForDeploymentPostprocessing = 0;
			shellPath = /bin/sh;
			shellScript = "\"${PODS_ROOT}/Target Support Files/Pods-Vinyler-VinylerTests/Pods-Vinyler-VinylerTests-resources.sh\"\n";
			showEnvVarsInLog = 0;
		};
		22170B60FE890F84070C75FC /* [CP] Check Pods Manifest.lock */ = {
			isa = PBXShellScriptBuildPhase;
			buildActionMask = 2147483647;
			files = (
			);
			inputFileListPaths = (
			);
			inputPaths = (
				"${PODS_PODFILE_DIR_PATH}/Podfile.lock",
				"${PODS_ROOT}/Manifest.lock",
			);
			name = "[CP] Check Pods Manifest.lock";
			outputFileListPaths = (
			);
			outputPaths = (
				"$(DERIVED_FILE_DIR)/Pods-Vinyler-checkManifestLockResult.txt",
			);
			runOnlyForDeploymentPostprocessing = 0;
			shellPath = /bin/sh;
			shellScript = "diff \"${PODS_PODFILE_DIR_PATH}/Podfile.lock\" \"${PODS_ROOT}/Manifest.lock\" > /dev/null\nif [ $? != 0 ] ; then\n    # print error to STDERR\n    echo \"error: The sandbox is not in sync with the Podfile.lock. Run 'pod install' or update your CocoaPods installation.\" >&2\n    exit 1\nfi\n# This output is used by Xcode 'outputs' to avoid re-running this script phase.\necho \"SUCCESS\" > \"${SCRIPT_OUTPUT_FILE_0}\"\n";
			showEnvVarsInLog = 0;
		};
		34E42F9B4FE0F76FEA4475E2 /* [CP] Embed Pods Frameworks */ = {
			isa = PBXShellScriptBuildPhase;
			buildActionMask = 2147483647;
			files = (
			);
			inputFileListPaths = (
				"${PODS_ROOT}/Target Support Files/Pods-Vinyler-VinylerTests/Pods-Vinyler-VinylerTests-frameworks-${CONFIGURATION}-input-files.xcfilelist",
			);
			name = "[CP] Embed Pods Frameworks";
			outputFileListPaths = (
				"${PODS_ROOT}/Target Support Files/Pods-Vinyler-VinylerTests/Pods-Vinyler-VinylerTests-frameworks-${CONFIGURATION}-output-files.xcfilelist",
			);
			runOnlyForDeploymentPostprocessing = 0;
			shellPath = /bin/sh;
			shellScript = "\"${PODS_ROOT}/Target Support Files/Pods-Vinyler-VinylerTests/Pods-Vinyler-VinylerTests-frameworks.sh\"\n";
			showEnvVarsInLog = 0;
		};
		3BF494A8362CE5F4DFF824E0 /* [CP] Embed Pods Frameworks */ = {
			isa = PBXShellScriptBuildPhase;
			buildActionMask = 2147483647;
			files = (
			);
			inputFileListPaths = (
				"${PODS_ROOT}/Target Support Files/Pods-Vinyler/Pods-Vinyler-frameworks-${CONFIGURATION}-input-files.xcfilelist",
			);
			name = "[CP] Embed Pods Frameworks";
			outputFileListPaths = (
				"${PODS_ROOT}/Target Support Files/Pods-Vinyler/Pods-Vinyler-frameworks-${CONFIGURATION}-output-files.xcfilelist",
			);
			runOnlyForDeploymentPostprocessing = 0;
			shellPath = /bin/sh;
			shellScript = "\"${PODS_ROOT}/Target Support Files/Pods-Vinyler/Pods-Vinyler-frameworks.sh\"\n";
			showEnvVarsInLog = 0;
		};
		55E5D6AD3EB2CE96B03032D5 /* [CP] Copy Pods Resources */ = {
			isa = PBXShellScriptBuildPhase;
			buildActionMask = 2147483647;
			files = (
			);
			inputFileListPaths = (
				"${PODS_ROOT}/Target Support Files/Pods-Vinyler/Pods-Vinyler-resources-${CONFIGURATION}-input-files.xcfilelist",
			);
			name = "[CP] Copy Pods Resources";
			outputFileListPaths = (
				"${PODS_ROOT}/Target Support Files/Pods-Vinyler/Pods-Vinyler-resources-${CONFIGURATION}-output-files.xcfilelist",
			);
			runOnlyForDeploymentPostprocessing = 0;
			shellPath = /bin/sh;
			shellScript = "\"${PODS_ROOT}/Target Support Files/Pods-Vinyler/Pods-Vinyler-resources.sh\"\n";
			showEnvVarsInLog = 0;
		};
		66938EFA91105E7A46474773 /* [CP] Check Pods Manifest.lock */ = {
			isa = PBXShellScriptBuildPhase;
			buildActionMask = 2147483647;
			files = (
			);
			inputFileListPaths = (
			);
			inputPaths = (
				"${PODS_PODFILE_DIR_PATH}/Podfile.lock",
				"${PODS_ROOT}/Manifest.lock",
			);
			name = "[CP] Check Pods Manifest.lock";
			outputFileListPaths = (
			);
			outputPaths = (
				"$(DERIVED_FILE_DIR)/Pods-Vinyler-VinylerTests-checkManifestLockResult.txt",
			);
			runOnlyForDeploymentPostprocessing = 0;
			shellPath = /bin/sh;
			shellScript = "diff \"${PODS_PODFILE_DIR_PATH}/Podfile.lock\" \"${PODS_ROOT}/Manifest.lock\" > /dev/null\nif [ $? != 0 ] ; then\n    # print error to STDERR\n    echo \"error: The sandbox is not in sync with the Podfile.lock. Run 'pod install' or update your CocoaPods installation.\" >&2\n    exit 1\nfi\n# This output is used by Xcode 'outputs' to avoid re-running this script phase.\necho \"SUCCESS\" > \"${SCRIPT_OUTPUT_FILE_0}\"\n";
			showEnvVarsInLog = 0;
		};
		FAA41DE7232514E4008BA317 /* ShellScript */ = {
			isa = PBXShellScriptBuildPhase;
			buildActionMask = 2147483647;
			files = (
			);
			inputFileListPaths = (
			);
			inputPaths = (
			);
			outputFileListPaths = (
			);
			outputPaths = (
			);
			runOnlyForDeploymentPostprocessing = 0;
			shellPath = /bin/sh;
			shellScript = "\"${PODS_ROOT}/SwiftLint/swiftlint\"\n";
		};
/* End PBXShellScriptBuildPhase section */

/* Begin PBXSourcesBuildPhase section */
		813E833D22E441430057F0E6 /* Sources */ = {
			isa = PBXSourcesBuildPhase;
			buildActionMask = 2147483647;
			files = (
				38DC176C2D9D69250026811D /* VinylService.swift in Sources */,
				814B06B0230584D50062906D /* ScanViewController.swift in Sources */,
				FA050CF8239BFAA70067D32C /* SearchCell.swift in Sources */,
				813E837222E449310057F0E6 /* UIColor+Style.swift in Sources */,
				38DBC2FA2D7F36D600E444A1 /* APIEndPoint.swift in Sources */,
				FAD03CCB232CFBA50067E2D9 /* CustomActionSheetHeader.swift in Sources */,
				3850AEAD2DBA1E510052BFF1 /* MenuCell.swift in Sources */,
				38DBC2FF2D7F381A00E444A1 /* NetworkError.swift in Sources */,
				387926542D80799200841CAF /* ViewModelBindableType.swift in Sources */,
				FAD03CC4232CF9C30067E2D9 /* ActionSheetOption.swift in Sources */,
				814B06A823055C220062906D /* UIView+Exntension.swift in Sources */,
				FAD03CD0232D048D0067E2D9 /* Observable+Nil.swift in Sources */,
				38DC2D822D9E81310023F6F3 /* LoadingViewModel.swift in Sources */,
				817B263423153FC7003DF85D /* UITapGestureRecognizer+UILabel.swift in Sources */,
				3811FA172DB144810028FEC9 /* ScanViewModel.swift in Sources */,
				3850AEAB2DBA1E110052BFF1 /* Menu.swift in Sources */,
				38DC2D802D9E7E500023F6F3 /* VinylLikeResponse.swift in Sources */,
				38ADA6642D87278800411B8B /* Extensions+ObservableType.swift in Sources */,
				FAD03CC6232CFA880067E2D9 /* CustomActionSheetViewController.swift in Sources */,
				FA09D53B2396BFE8006F37BD /* DisclosureButton.swift in Sources */,
				38076B532DB8DF2C0032C439 /* ArtistViewModel.swift in Sources */,
				38DBC2F42D7F2F9600E444A1 /* JSONSerializer.swift in Sources */,
				387926442D8077BE00841CAF /* SignUpViewModel.swift in Sources */,
				817B262C2315166B003DF85D /* AlbumViewController.swift in Sources */,
				FA5BC2E623DC16FC000CFD9D /* CustomTextView.swift in Sources */,
				38DC17662D9D61630026811D /* VinylUseCase.swift in Sources */,
				FAD03CD4232D0D5B0067E2D9 /* Artist.swift in Sources */,
				387926612D8081DC00841CAF /* CommonService.swift in Sources */,
				387926422D80776700841CAF /* SignUpViewController.swift in Sources */,
				FAD03CC9232CFAE60067E2D9 /* DynamicTableView.swift in Sources */,
				817B25DA230970CB003DF85D /* PreviewView.swift in Sources */,
				813E837D22E468420057F0E6 /* Release.swift in Sources */,
				817B262E23151881003DF85D /* UIViewController+Rx.swift in Sources */,
				38BE25312DBE5BF700622B09 /* VinylerRelease.swift in Sources */,
				3850AEA72DBA0AF70052BFF1 /* MyPageViewModel.swift in Sources */,
				FAD03CCD232CFE310067E2D9 /* CustomActionSheetCell.swift in Sources */,
				3876F78F2D92DE15000B29C5 /* LoginRequest.swift in Sources */,
				3876F7932D92DF57000B29C5 /* LoginViewController.swift in Sources */,
				3811FA152DB142370028FEC9 /* SearchViewModel.swift in Sources */,
				813E838522E46E260057F0E6 /* Format.swift in Sources */,
				813E834522E441430057F0E6 /* AppDelegate.swift in Sources */,
				38ADA6622D87273900411B8B /* SceneCoordinator.swift in Sources */,
				387035212698B6A60049777F /* HomeViewController.swift in Sources */,
				387926522D80793F00841CAF /* SceneTransitionType.swift in Sources */,
				38DBC2F82D7F33F600E444A1 /* APIClient.swift in Sources */,
				817B25E12309791D003DF85D /* LoadingViewController.swift in Sources */,
				3879264D2D80790700841CAF /* SceneCoordinatorType.swift in Sources */,
				38DC176A2D9D68920026811D /* VinylRepository.swift in Sources */,
				38ADA6602D86F1DA00411B8B /* CustomTextFieldView.swift in Sources */,
				FAD03CD2232D08EC0067E2D9 /* ArtistViewController.swift in Sources */,
				3876F78B2D92DD8F000B29C5 /* LoginViewModel.swift in Sources */,
				817B25D623059434003DF85D /* UIImage+Assets.swift in Sources */,
				817B25DC23097108003DF85D /* CameraTargetView.swift in Sources */,
				813E837022E446CE0057F0E6 /* UIButton+Style.swift in Sources */,
				FA6C3B16232D841D000E1C87 /* TracklistViewController.swift in Sources */,
				3876F7952D92F069000B29C5 /* AlbumViewModel.swift in Sources */,
				817B25E423097BB4003DF85D /* ActivityIndicatorView.swift in Sources */,
				38E297B92DBD36F10038C505 /* UserUseCase.swift in Sources */,
				FA09D5392396B966006F37BD /* FormatCell.swift in Sources */,
				813E837722E45CEC0057F0E6 /* Results.swift in Sources */,
				813E837522E450D30057F0E6 /* DiscogsAPI.swift in Sources */,
				38DBC2F62D7F313D00E444A1 /* Extensions+String.swift in Sources */,
				38D4EBBE2DBA84410028F11C /* LikedListViewController.swift in Sources */,
				813E838322E46D2D0057F0E6 /* Image.swift in Sources */,
				FAD03CD8232D61CC0067E2D9 /* Extension+UIImageView.swift in Sources */,
				813E837B22E4676F0057F0E6 /* UILabel+Style.swift in Sources */,
				38CDB5B72DB9F38A00D5EAD2 /* TrackListViewModel.swift in Sources */,
				FA5BC2E823DC1772000CFD9D /* UITextView+Extension.swift in Sources */,
				81F46D7C231A7263002CAC44 /* FormatsCollectionView.swift in Sources */,
				814B06A323040D3A0062906D /* String+Assets.swift in Sources */,
				387E38CF2D96E431003C1920 /* LoginResponse.swift in Sources */,
				3879265E2D807F0900841CAF /* UserSignUpLoginRepository.swift in Sources */,
				FA5BC2E423DC15C2000CFD9D /* AppInfoViewController.swift in Sources */,
				387926462D8077D700841CAF /* CommonUseCase.swift in Sources */,
				813E837F22E46BAA0057F0E6 /* TrackList.swift in Sources */,
				38E297BD2DBD37910038C505 /* UserService.swift in Sources */,
				386197D42DF86DA40088173A /* ReviewCell.swift in Sources */,
				817B263023152389003DF85D /* ObservableType+Void.swift in Sources */,
				FAD03CD6232D0E460067E2D9 /* ArtistDetail.swift in Sources */,
				FA09D53E239BF1D3006F37BD /* SearchViewController.swift in Sources */,
				FA09D540239BF26E006F37BD /* UITextfield+Style.swift in Sources */,
				813E836622E441830057F0E6 /* MainViewController.swift in Sources */,
				38DB0B832D97FE9800E73893 /* AuthManager.swift in Sources */,
				FA177E9724028ABB00AF1BF6 /* DefaultStyle.swift in Sources */,
				817B25D8230966E8003DF85D /* RxAVCaptureMetadataOutputObjectsDelegate.swift in Sources */,
				38FB99F82D9025D700993111 /* SignUpRequest.swift in Sources */,
				38CF4C382DF80EFC00EDE3A9 /* ReviewView.swift in Sources */,
				814B06AD2305849A0062906D /* NavigationController.swift in Sources */,
				3850AEA92DBA0B490052BFF1 /* MyPageViewController.swift in Sources */,
				387E38CB2D96E18B003C1920 /* MainViewModel.swift in Sources */,
				38D4EBC42DBA86880028F11C /* LikeCell.swift in Sources */,
				38DBC2F22D7F2DCD00E444A1 /* TestRequest.swift in Sources */,
				813E838122E46C550057F0E6 /* Videos.swift in Sources */,
				38E297BB2DBD373B0038C505 /* UserRepository.swift in Sources */,
				7DEDB63123AB1633007287B8 /* AnimationView+Style.swift in Sources */,
				814B06AB230584680062906D /* NavigationControllerDelegate.swift in Sources */,
				817B25DF230978EE003DF85D /* PresentLoadingAnimationController.swift in Sources */,
				38ADA6662D87288200411B8B /* Extensions+UIViewController.swift in Sources */,
				FA6C3B19232D8B55000E1C87 /* TrackCell.swift in Sources */,
				813E837922E467090057F0E6 /* UIFont+Style.swift in Sources */,
				38D4EBC02DBA84840028F11C /* LikedListViewModel.swift in Sources */,
				38DBC2F02D7F2DB600E444A1 /* TestResponse.swift in Sources */,
				387926502D80792400841CAF /* TargetScene.swift in Sources */,
				38DC17682D9D61B00026811D /* LikeRequest.swift in Sources */,
				7D18847926EEFFF100AE8815 /* Constants.swift in Sources */,
			);
			runOnlyForDeploymentPostprocessing = 0;
		};
		813E835122E441450057F0E6 /* Sources */ = {
			isa = PBXSourcesBuildPhase;
			buildActionMask = 2147483647;
			files = (
				813E835A22E441450057F0E6 /* VinylerTests.swift in Sources */,
			);
			runOnlyForDeploymentPostprocessing = 0;
		};
/* End PBXSourcesBuildPhase section */

/* Begin PBXTargetDependency section */
		813E835722E441450057F0E6 /* PBXTargetDependency */ = {
			isa = PBXTargetDependency;
			target = 813E834022E441430057F0E6 /* Vinyler */;
			targetProxy = 813E835622E441450057F0E6 /* PBXContainerItemProxy */;
		};
/* End PBXTargetDependency section */

/* Begin PBXVariantGroup section */
		813E834D22E441450057F0E6 /* LaunchScreen.storyboard */ = {
			isa = PBXVariantGroup;
			children = (
				813E834E22E441450057F0E6 /* Base */,
			);
			name = LaunchScreen.storyboard;
			sourceTree = "<group>";
		};
/* End PBXVariantGroup section */

/* Begin XCBuildConfiguration section */
		813E835C22E441450057F0E6 /* Debug */ = {
			isa = XCBuildConfiguration;
			buildSettings = {
				ALWAYS_SEARCH_USER_PATHS = NO;
				CLANG_ANALYZER_NONNULL = YES;
				CLANG_ANALYZER_NUMBER_OBJECT_CONVERSION = YES_AGGRESSIVE;
				CLANG_CXX_LANGUAGE_STANDARD = "gnu++14";
				CLANG_CXX_LIBRARY = "libc++";
				CLANG_ENABLE_MODULES = YES;
				CLANG_ENABLE_OBJC_ARC = YES;
				CLANG_ENABLE_OBJC_WEAK = YES;
				CLANG_WARN_BLOCK_CAPTURE_AUTORELEASING = YES;
				CLANG_WARN_BOOL_CONVERSION = YES;
				CLANG_WARN_COMMA = YES;
				CLANG_WARN_CONSTANT_CONVERSION = YES;
				CLANG_WARN_DEPRECATED_OBJC_IMPLEMENTATIONS = YES;
				CLANG_WARN_DIRECT_OBJC_ISA_USAGE = YES_ERROR;
				CLANG_WARN_DOCUMENTATION_COMMENTS = YES;
				CLANG_WARN_EMPTY_BODY = YES;
				CLANG_WARN_ENUM_CONVERSION = YES;
				CLANG_WARN_INFINITE_RECURSION = YES;
				CLANG_WARN_INT_CONVERSION = YES;
				CLANG_WARN_NON_LITERAL_NULL_CONVERSION = YES;
				CLANG_WARN_OBJC_IMPLICIT_RETAIN_SELF = YES;
				CLANG_WARN_OBJC_LITERAL_CONVERSION = YES;
				CLANG_WARN_OBJC_ROOT_CLASS = YES_ERROR;
				CLANG_WARN_RANGE_LOOP_ANALYSIS = YES;
				CLANG_WARN_STRICT_PROTOTYPES = YES;
				CLANG_WARN_SUSPICIOUS_MOVE = YES;
				CLANG_WARN_UNGUARDED_AVAILABILITY = YES_AGGRESSIVE;
				CLANG_WARN_UNREACHABLE_CODE = YES;
				CLANG_WARN__DUPLICATE_METHOD_MATCH = YES;
				CODE_SIGN_IDENTITY = "iPhone Developer";
				COPY_PHASE_STRIP = NO;
				DEBUG_INFORMATION_FORMAT = dwarf;
				ENABLE_STRICT_OBJC_MSGSEND = YES;
				ENABLE_TESTABILITY = YES;
				GCC_C_LANGUAGE_STANDARD = gnu11;
				GCC_DYNAMIC_NO_PIC = NO;
				GCC_NO_COMMON_BLOCKS = YES;
				GCC_OPTIMIZATION_LEVEL = 0;
				GCC_PREPROCESSOR_DEFINITIONS = (
					"DEBUG=1",
					"$(inherited)",
				);
				GCC_WARN_64_TO_32_BIT_CONVERSION = YES;
				GCC_WARN_ABOUT_RETURN_TYPE = YES_ERROR;
				GCC_WARN_UNDECLARED_SELECTOR = YES;
				GCC_WARN_UNINITIALIZED_AUTOS = YES_AGGRESSIVE;
				GCC_WARN_UNUSED_FUNCTION = YES;
				GCC_WARN_UNUSED_VARIABLE = YES;
				IPHONEOS_DEPLOYMENT_TARGET = 12.1;
				MTL_ENABLE_DEBUG_INFO = INCLUDE_SOURCE;
				MTL_FAST_MATH = YES;
				ONLY_ACTIVE_ARCH = YES;
				SDKROOT = iphoneos;
				SWIFT_ACTIVE_COMPILATION_CONDITIONS = DEBUG;
				SWIFT_OPTIMIZATION_LEVEL = "-Onone";
			};
			name = Debug;
		};
		813E835D22E441450057F0E6 /* Release */ = {
			isa = XCBuildConfiguration;
			baseConfigurationReference = 7D6BFAA226F4208900BAF902 /* Prod.xcconfig */;
			buildSettings = {
				ALWAYS_SEARCH_USER_PATHS = NO;
				CLANG_ANALYZER_NONNULL = YES;
				CLANG_ANALYZER_NUMBER_OBJECT_CONVERSION = YES_AGGRESSIVE;
				CLANG_CXX_LANGUAGE_STANDARD = "gnu++14";
				CLANG_CXX_LIBRARY = "libc++";
				CLANG_ENABLE_MODULES = YES;
				CLANG_ENABLE_OBJC_ARC = YES;
				CLANG_ENABLE_OBJC_WEAK = YES;
				CLANG_WARN_BLOCK_CAPTURE_AUTORELEASING = YES;
				CLANG_WARN_BOOL_CONVERSION = YES;
				CLANG_WARN_COMMA = YES;
				CLANG_WARN_CONSTANT_CONVERSION = YES;
				CLANG_WARN_DEPRECATED_OBJC_IMPLEMENTATIONS = YES;
				CLANG_WARN_DIRECT_OBJC_ISA_USAGE = YES_ERROR;
				CLANG_WARN_DOCUMENTATION_COMMENTS = YES;
				CLANG_WARN_EMPTY_BODY = YES;
				CLANG_WARN_ENUM_CONVERSION = YES;
				CLANG_WARN_INFINITE_RECURSION = YES;
				CLANG_WARN_INT_CONVERSION = YES;
				CLANG_WARN_NON_LITERAL_NULL_CONVERSION = YES;
				CLANG_WARN_OBJC_IMPLICIT_RETAIN_SELF = YES;
				CLANG_WARN_OBJC_LITERAL_CONVERSION = YES;
				CLANG_WARN_OBJC_ROOT_CLASS = YES_ERROR;
				CLANG_WARN_RANGE_LOOP_ANALYSIS = YES;
				CLANG_WARN_STRICT_PROTOTYPES = YES;
				CLANG_WARN_SUSPICIOUS_MOVE = YES;
				CLANG_WARN_UNGUARDED_AVAILABILITY = YES_AGGRESSIVE;
				CLANG_WARN_UNREACHABLE_CODE = YES;
				CLANG_WARN__DUPLICATE_METHOD_MATCH = YES;
				CODE_SIGN_IDENTITY = "iPhone Developer";
				COPY_PHASE_STRIP = NO;
				DEBUG_INFORMATION_FORMAT = "dwarf-with-dsym";
				ENABLE_NS_ASSERTIONS = NO;
				ENABLE_STRICT_OBJC_MSGSEND = YES;
				GCC_C_LANGUAGE_STANDARD = gnu11;
				GCC_NO_COMMON_BLOCKS = YES;
				GCC_WARN_64_TO_32_BIT_CONVERSION = YES;
				GCC_WARN_ABOUT_RETURN_TYPE = YES_ERROR;
				GCC_WARN_UNDECLARED_SELECTOR = YES;
				GCC_WARN_UNINITIALIZED_AUTOS = YES_AGGRESSIVE;
				GCC_WARN_UNUSED_FUNCTION = YES;
				GCC_WARN_UNUSED_VARIABLE = YES;
				IPHONEOS_DEPLOYMENT_TARGET = 12.1;
				MTL_ENABLE_DEBUG_INFO = NO;
				MTL_FAST_MATH = YES;
				SDKROOT = iphoneos;
				SWIFT_COMPILATION_MODE = wholemodule;
				SWIFT_OPTIMIZATION_LEVEL = "-O";
				VALIDATE_PRODUCT = YES;
			};
			name = Release;
		};
		813E835F22E441450057F0E6 /* Debug */ = {
			isa = XCBuildConfiguration;
			baseConfigurationReference = 1D325D819B644E5183B9E965 /* Pods-Vinyler.debug.xcconfig */;
			buildSettings = {
				ASSETCATALOG_COMPILER_APPICON_NAME = AppIcon;
				CODE_SIGN_STYLE = Automatic;
				DEVELOPMENT_TEAM = JH6HFBQXT6;
				INFOPLIST_FILE = Vinyler/Info.plist;
				IPHONEOS_DEPLOYMENT_TARGET = 12.0;
				LD_RUNPATH_SEARCH_PATHS = (
					"$(inherited)",
					"@executable_path/Frameworks",
				);
				MARKETING_VERSION = 2.0;
				PRODUCT_BUNDLE_IDENTIFIER = kr.miin.Vinyler;
				PRODUCT_NAME = "$(TARGET_NAME)";
				SWIFT_VERSION = 4.2;
				TARGETED_DEVICE_FAMILY = 1;
			};
			name = Debug;
		};
		813E836022E441450057F0E6 /* Release */ = {
			isa = XCBuildConfiguration;
			baseConfigurationReference = 452A1F7E64D181461B38967D /* Pods-Vinyler.release.xcconfig */;
			buildSettings = {
				ASSETCATALOG_COMPILER_APPICON_NAME = AppIcon;
				CODE_SIGN_STYLE = Automatic;
				DEVELOPMENT_TEAM = JH6HFBQXT6;
				INFOPLIST_FILE = Vinyler/Info.plist;
				IPHONEOS_DEPLOYMENT_TARGET = 12.0;
				LD_RUNPATH_SEARCH_PATHS = (
					"$(inherited)",
					"@executable_path/Frameworks",
				);
				MARKETING_VERSION = 2.0;
				PRODUCT_BUNDLE_IDENTIFIER = kr.miin.Vinyler;
				PRODUCT_NAME = "$(TARGET_NAME)";
				SWIFT_VERSION = 4.2;
				TARGETED_DEVICE_FAMILY = 1;
			};
			name = Release;
		};
		813E836222E441450057F0E6 /* Debug */ = {
			isa = XCBuildConfiguration;
			baseConfigurationReference = 1FA5FAE4965595FBC4B7B9A1 /* Pods-Vinyler-VinylerTests.debug.xcconfig */;
			buildSettings = {
				ALWAYS_EMBED_SWIFT_STANDARD_LIBRARIES = YES;
				BUNDLE_LOADER = "$(TEST_HOST)";
				CODE_SIGN_STYLE = Automatic;
				DEVELOPMENT_TEAM = JH6HFBQXT6;
				INFOPLIST_FILE = VinylerTests/Info.plist;
				LD_RUNPATH_SEARCH_PATHS = (
					"$(inherited)",
					"@executable_path/Frameworks",
					"@loader_path/Frameworks",
				);
				PRODUCT_BUNDLE_IDENTIFIER = kr.miin.VinylerTests;
				PRODUCT_NAME = "$(TARGET_NAME)";
				SWIFT_VERSION = 4.2;
				TARGETED_DEVICE_FAMILY = "1,2";
				TEST_HOST = "$(BUILT_PRODUCTS_DIR)/Vinyler.app/Vinyler";
			};
			name = Debug;
		};
		813E836322E441450057F0E6 /* Release */ = {
			isa = XCBuildConfiguration;
			baseConfigurationReference = BDA55F981269D61C40E7CBCF /* Pods-Vinyler-VinylerTests.release.xcconfig */;
			buildSettings = {
				ALWAYS_EMBED_SWIFT_STANDARD_LIBRARIES = YES;
				BUNDLE_LOADER = "$(TEST_HOST)";
				CODE_SIGN_STYLE = Automatic;
				DEVELOPMENT_TEAM = JH6HFBQXT6;
				INFOPLIST_FILE = VinylerTests/Info.plist;
				LD_RUNPATH_SEARCH_PATHS = (
					"$(inherited)",
					"@executable_path/Frameworks",
					"@loader_path/Frameworks",
				);
				PRODUCT_BUNDLE_IDENTIFIER = kr.miin.VinylerTests;
				PRODUCT_NAME = "$(TARGET_NAME)";
				SWIFT_VERSION = 4.2;
				TARGETED_DEVICE_FAMILY = "1,2";
				TEST_HOST = "$(BUILT_PRODUCTS_DIR)/Vinyler.app/Vinyler";
			};
			name = Release;
		};
/* End XCBuildConfiguration section */

/* Begin XCConfigurationList section */
		813E833C22E441430057F0E6 /* Build configuration list for PBXProject "Vinyler" */ = {
			isa = XCConfigurationList;
			buildConfigurations = (
				813E835C22E441450057F0E6 /* Debug */,
				813E835D22E441450057F0E6 /* Release */,
			);
			defaultConfigurationIsVisible = 0;
			defaultConfigurationName = Release;
		};
		813E835E22E441450057F0E6 /* Build configuration list for PBXNativeTarget "Vinyler" */ = {
			isa = XCConfigurationList;
			buildConfigurations = (
				813E835F22E441450057F0E6 /* Debug */,
				813E836022E441450057F0E6 /* Release */,
			);
			defaultConfigurationIsVisible = 0;
			defaultConfigurationName = Release;
		};
		813E836122E441450057F0E6 /* Build configuration list for PBXNativeTarget "VinylerTests" */ = {
			isa = XCConfigurationList;
			buildConfigurations = (
				813E836222E441450057F0E6 /* Debug */,
				813E836322E441450057F0E6 /* Release */,
			);
			defaultConfigurationIsVisible = 0;
			defaultConfigurationName = Release;
		};
/* End XCConfigurationList section */
	};
	rootObject = 813E833922E441430057F0E6 /* Project object */;
}
